
Microsoft Visual Studio Solution File, Format Version 12.00
# Visual Studio 15
Project("{FAE04EC0-301F-11D3-BF4B-00C04F79EFBC}") = "SteamVR_Input_Editor", "SteamVR_Input_Editor.csproj", "{443B912F-383E-4F8C-4D3F-C7DC33F97358}"
EndProject
Project("{FAE04EC0-301F-11D3-BF4B-00C04F79EFBC}") = "SteamVR", "SteamVR.csproj", "{F9D3311D-4161-259B-190F-38D4C234A395}"
EndProject
Project("{FAE04EC0-301F-11D3-BF4B-00C04F79EFBC}") = "Assembly-CSharp", "Assembly-CSharp.csproj", "{99366B3C-E077-59FD-C439-29E571D8C710}"
EndProject
Project("{FAE04EC0-301F-11D3-BF4B-00C04F79EFBC}") = "SteamVR_Editor", "SteamVR_Editor.csproj", "{63CC7486-4B23-845A-5798-500971947AD9}"
EndProject
Project("{FAE04EC0-301F-11D3-BF4B-00C04F79EFBC}") = "SteamVR_Actions", "SteamVR_Actions.csproj", "{50E3EFC3-B927-E1E7-EADF-0EB3EDD6D76F}"
EndProject
Project("{FAE04EC0-301F-11D3-BF4B-00C04F79EFBC}") = "SteamVR_Windows_EditorHelper", "SteamVR_Windows_EditorHelper.csproj", "{8BD3A928-D054-46EE-6E25-5B09865D7A26}"
EndProject
Global
	GlobalSection(SolutionConfigurationPlatforms) = preSolution
		Debug|Any CPU = Debug|Any CPU
		Release|Any CPU = Release|Any CPU
	EndGlobalSection
	GlobalSection(ProjectConfigurationPlatforms) = postSolution
		{443B912F-383E-4F8C-4D3F-C7DC33F97358}.Debug|Any CPU.ActiveCfg = Debug|Any CPU
		{443B912F-383E-4F8C-4D3F-C7DC33F97358}.Debug|Any CPU.Build.0 = Debug|Any CPU
		{443B912F-383E-4F8C-4D3F-C7DC33F97358}.Release|Any CPU.ActiveCfg = Release|Any CPU
		{443B912F-383E-4F8C-4D3F-C7DC33F97358}.Release|Any CPU.Build.0 = Release|Any CPU
		{F9D3311D-4161-259B-190F-38D4C234A395}.Debug|Any CPU.ActiveCfg = Debug|Any CPU
		{F9D3311D-4161-259B-190F-38D4C234A395}.Debug|Any CPU.Build.0 = Debug|Any CPU
		{F9D3311D-4161-259B-190F-38D4C234A395}.Release|Any CPU.ActiveCfg = Release|Any CPU
		{F9D3311D-4161-259B-190F-38D4C234A395}.Release|Any CPU.Build.0 = Release|Any CPU
		{99366B3C-E077-59FD-C439-29E571D8C710}.Debug|Any CPU.ActiveCfg = Debug|Any CPU
		{99366B3C-E077-59FD-C439-29E571D8C710}.Debug|Any CPU.Build.0 = Debug|Any CPU
		{99366B3C-E077-59FD-C439-29E571D8C710}.Release|Any CPU.ActiveCfg = Release|Any CPU
		{99366B3C-E077-59FD-C439-29E571D8C710}.Release|Any CPU.Build.0 = Release|Any CPU
		{63CC7486-4B23-845A-5798-500971947AD9}.Debug|Any CPU.ActiveCfg = Debug|Any CPU
		{63CC7486-4B23-845A-5798-500971947AD9}.Debug|Any CPU.Build.0 = Debug|Any CPU
		{63CC7486-4B23-845A-5798-500971947AD9}.Release|Any CPU.ActiveCfg = Release|Any CPU
		{63CC7486-4B23-845A-5798-500971947AD9}.Release|Any CPU.Build.0 = Release|Any CPU
		{50E3EFC3-B927-E1E7-EADF-0EB3EDD6D76F}.Debug|Any CPU.ActiveCfg = Debug|Any CPU
		{50E3EFC3-B927-E1E7-EADF-0EB3EDD6D76F}.Debug|Any CPU.Build.0 = Debug|Any CPU
		{50E3EFC3-B927-E1E7-EADF-0EB3EDD6D76F}.Release|Any CPU.ActiveCfg = Release|Any CPU
		{50E3EFC3-B927-E1E7-EADF-0EB3EDD6D76F}.Release|Any CPU.Build.0 = Release|Any CPU
		{8BD3A928-D054-46EE-6E25-5B09865D7A26}.Debug|Any CPU.ActiveCfg = Debug|Any CPU
		{8BD3A928-D054-46EE-6E25-5B09865D7A26}.Debug|Any CPU.Build.0 = Debug|Any CPU
		{8BD3A928-D054-46EE-6E25-5B09865D7A26}.Release|Any CPU.ActiveCfg = Release|Any CPU
		{8BD3A928-D054-46EE-6E25-5B09865D7A26}.Release|Any CPU.Build.0 = Release|Any CPU
	EndGlobalSection
	GlobalSection(SolutionProperties) = preSolution
		HideSolutionNode = FALSE
	EndGlobalSection
EndGlobal
