
Microsoft Visual Studio Solution File, Format Version 12.00
# Visual Studio 15
Project("{FAE04EC0-301F-11D3-BF4B-00C04F79EFBC}") = "Meta.WitAi.Conduit", "Meta.WitAi.Conduit.csproj", "{885CED78-550C-DB9F-ACAB-B5B2E54D42A0}"
EndProject
Project("{FAE04EC0-301F-11D3-BF4B-00C04F79EFBC}") = "Oculus.VR", "Oculus.VR.csproj", "{BCDAB0A4-5BD6-8EF4-541C-ACBB8164C995}"
EndProject
Project("{FAE04EC0-301F-11D3-BF4B-00C04F79EFBC}") = "Oculus.Interaction", "Oculus.Interaction.csproj", "{A7394897-5298-5714-3F22-5EB92BFDFAB8}"
EndProject
Project("{FAE04EC0-301F-11D3-BF4B-00C04F79EFBC}") = "Oculus.Interaction.Editor", "Oculus.Interaction.Editor.csproj", "{11430CC6-A71D-7889-77D1-2CE09CAFF318}"
EndProject
Project("{FAE04EC0-301F-11D3-BF4B-00C04F79EFBC}") = "SteamVR", "SteamVR.csproj", "{AD249149-6612-7D8A-B0FD-34F70875779C}"
EndProject
Project("{FAE04EC0-301F-11D3-BF4B-00C04F79EFBC}") = "Oculus.Platform", "Oculus.Platform.csproj", "{680D9AA2-686F-7FBD-B731-593DC769C391}"
EndProject
Project("{FAE04EC0-301F-11D3-BF4B-00C04F79EFBC}") = "VoiceSDK.Telemetry", "VoiceSDK.Telemetry.csproj", "{02E72B03-FE7F-082A-541A-7530C93267F8}"
EndProject
Project("{FAE04EC0-301F-11D3-BF4B-00C04F79EFBC}") = "Assembly-CSharp", "Assembly-CSharp.csproj", "{7601B9D4-7042-8016-9FD6-5F9E857F23DA}"
EndProject
Project("{FAE04EC0-301F-11D3-BF4B-00C04F79EFBC}") = "Oculus.Interaction.OVR.Samples", "Oculus.Interaction.OVR.Samples.csproj", "{F3CD6EE0-8CE7-5DAE-3D66-DA9E93D2B7E6}"
EndProject
Project("{FAE04EC0-301F-11D3-BF4B-00C04F79EFBC}") = "Meta.WitAi.Lib", "Meta.WitAi.Lib.csproj", "{9B8FBE3C-3205-A684-0D76-986C2A5CB13C}"
EndProject
Project("{FAE04EC0-301F-11D3-BF4B-00C04F79EFBC}") = "Meta.WitAi.Editor", "Meta.WitAi.Editor.csproj", "{1467D84B-2DDC-6FFE-BEDE-8A816F8EBF7F}"
EndProject
Project("{FAE04EC0-301F-11D3-BF4B-00C04F79EFBC}") = "Meta.WitAi.Conduit.Editor", "Meta.WitAi.Conduit.Editor.csproj", "{A0FF3014-A7E8-80F2-FC39-CC67CA2A3227}"
EndProject
Project("{FAE04EC0-301F-11D3-BF4B-00C04F79EFBC}") = "Meta.WitAi", "Meta.WitAi.csproj", "{4CA5C8B0-4404-18BD-CA63-22782A5D8792}"
EndProject
Project("{FAE04EC0-301F-11D3-BF4B-00C04F79EFBC}") = "Oculus.VR.Editor", "Oculus.VR.Editor.csproj", "{28D3B842-2AD5-975F-C469-0857F813F3D8}"
EndProject
Project("{FAE04EC0-301F-11D3-BF4B-00C04F79EFBC}") = "Oculus.Interaction.OVR.Editor", "Oculus.Interaction.OVR.Editor.csproj", "{3F297784-A65C-29B6-6CDD-991A6CE73402}"
EndProject
Project("{FAE04EC0-301F-11D3-BF4B-00C04F79EFBC}") = "Oculus.LipSync", "Oculus.LipSync.csproj", "{D30DC3E9-9E36-D1A1-91A0-FEF55A547DE6}"
EndProject
Project("{FAE04EC0-301F-11D3-BF4B-00C04F79EFBC}") = "SteamVR_Input_Editor", "SteamVR_Input_Editor.csproj", "{6142BD9A-39E6-B763-F873-FD619F008949}"
EndProject
Project("{FAE04EC0-301F-11D3-BF4B-00C04F79EFBC}") = "Oculus.Interaction.OVR", "Oculus.Interaction.OVR.csproj", "{6981BED5-AE15-B6DD-9605-8809F6D65D0D}"
EndProject
Project("{FAE04EC0-301F-11D3-BF4B-00C04F79EFBC}") = "VoiceSDK.Editor", "VoiceSDK.Editor.csproj", "{55AF2953-E1C1-C641-9FCE-232E4933D3B0}"
EndProject
Project("{FAE04EC0-301F-11D3-BF4B-00C04F79EFBC}") = "Meta.WitAI.Lib.Editor", "Meta.WitAI.Lib.Editor.csproj", "{EA0D5E65-C874-05E1-58FD-60590DD95109}"
EndProject
Project("{FAE04EC0-301F-11D3-BF4B-00C04F79EFBC}") = "Oculus.AudioManager", "Oculus.AudioManager.csproj", "{E2523F53-9F11-140C-C55E-DC33FB42F7A1}"
EndProject
Project("{FAE04EC0-301F-11D3-BF4B-00C04F79EFBC}") = "Meta.Voice.Samples.BuiltInTimer", "Meta.Voice.Samples.BuiltInTimer.csproj", "{593C0E73-93AE-368F-9762-F3EA28715715}"
EndProject
Project("{FAE04EC0-301F-11D3-BF4B-00C04F79EFBC}") = "Meta.XR.BuildingBlocks.Editor", "Meta.XR.BuildingBlocks.Editor.csproj", "{72002FCC-7B19-E6A7-58B8-C09613BC52EC}"
EndProject
Project("{FAE04EC0-301F-11D3-BF4B-00C04F79EFBC}") = "Unity.StarterAssets", "Unity.StarterAssets.csproj", "{35316471-0127-69B0-C0FC-6D1F5236D9D4}"
EndProject
Project("{FAE04EC0-301F-11D3-BF4B-00C04F79EFBC}") = "Meta.Voice.VSDKHub.Editor", "Meta.Voice.VSDKHub.Editor.csproj", "{DE901A0C-3632-D1FC-DF68-5A740BB9FCD6}"
EndProject
Project("{FAE04EC0-301F-11D3-BF4B-00C04F79EFBC}") = "VoiceSDK.Dictation.Runtime", "VoiceSDK.Dictation.Runtime.csproj", "{D265077A-1867-2C49-8308-580097C3C7A6}"
EndProject
Project("{FAE04EC0-301F-11D3-BF4B-00C04F79EFBC}") = "Meta.WitAi.TTS", "Meta.WitAi.TTS.csproj", "{24CFC901-991F-7C38-28B3-FACD1B207A19}"
EndProject
Project("{FAE04EC0-301F-11D3-BF4B-00C04F79EFBC}") = "AssistantCoreSDKRuntime", "AssistantCoreSDKRuntime.csproj", "{8F78BF88-20A5-348B-5561-FF29769ED004}"
EndProject
Project("{FAE04EC0-301F-11D3-BF4B-00C04F79EFBC}") = "Assembly-CSharp-Editor", "Assembly-CSharp-Editor.csproj", "{A2BF3303-697E-6CCB-2060-A3812520FC55}"
EndProject
Project("{FAE04EC0-301F-11D3-BF4B-00C04F79EFBC}") = "Meta.Voice.Samples.TTSVoices", "Meta.Voice.Samples.TTSVoices.csproj", "{6DE8FA11-17FE-FC1B-2ADD-57BE7969FCAA}"
EndProject
Project("{FAE04EC0-301F-11D3-BF4B-00C04F79EFBC}") = "VoiceSDK.Runtime", "VoiceSDK.Runtime.csproj", "{AEC52A09-3087-5273-CBA2-F5B32CBB4434}"
EndProject
Project("{FAE04EC0-301F-11D3-BF4B-00C04F79EFBC}") = "Oculus.VR.Scripts.Editor", "Oculus.VR.Scripts.Editor.csproj", "{B9143250-10B9-469B-DEE6-8B12A62D15B2}"
EndProject
Project("{FAE04EC0-301F-11D3-BF4B-00C04F79EFBC}") = "Meta.Voice.Samples.LightTraits", "Meta.Voice.Samples.LightTraits.csproj", "{520151BC-A91C-B7A8-6436-532F96AD42B0}"
EndProject
Project("{FAE04EC0-301F-11D3-BF4B-00C04F79EFBC}") = "Meta.Voice.Hub.Editor", "Meta.Voice.Hub.Editor.csproj", "{6D2C6906-0FA4-A217-986B-6F63DB6F3F25}"
EndProject
Project("{FAE04EC0-301F-11D3-BF4B-00C04F79EFBC}") = "Oculus.Interaction.Samples.Editor", "Oculus.Interaction.Samples.Editor.csproj", "{2AD99911-2B02-1212-90DE-FA5AAC66DAA4}"
EndProject
Project("{FAE04EC0-301F-11D3-BF4B-00C04F79EFBC}") = "Meta.WitAi.TTS.Editor", "Meta.WitAi.TTS.Editor.csproj", "{315C6B0B-9988-20D4-2C21-6AA319AEEFB2}"
EndProject
Project("{FAE04EC0-301F-11D3-BF4B-00C04F79EFBC}") = "Meta.XR.BuildingBlocks", "Meta.XR.BuildingBlocks.csproj", "{AB26F99C-2AF0-203E-83BA-2D40541CDB0A}"
EndProject
Project("{FAE04EC0-301F-11D3-BF4B-00C04F79EFBC}") = "Oculus.Platform.Editor", "Oculus.Platform.Editor.csproj", "{09D74D2C-C512-0AF3-8E84-8031C20D94AB}"
EndProject
Project("{FAE04EC0-301F-11D3-BF4B-00C04F79EFBC}") = "Facebook.Wit.Dictation", "Facebook.Wit.Dictation.csproj", "{92577B64-65D2-48A4-8DA7-3CDD0DFA7007}"
EndProject
Project("{FAE04EC0-301F-11D3-BF4B-00C04F79EFBC}") = "Oculus.Spatializer.Editor", "Oculus.Spatializer.Editor.csproj", "{C5384CF2-5DA1-5355-4DB7-73B5C608ABB6}"
EndProject
Project("{FAE04EC0-301F-11D3-BF4B-00C04F79EFBC}") = "Oculus.LipSync.Editor", "Oculus.LipSync.Editor.csproj", "{DEFD49F8-3DFB-9A50-3675-75B0AD695C96}"
EndProject
Project("{FAE04EC0-301F-11D3-BF4B-00C04F79EFBC}") = "Oculus.AudioManager.Utils.Editor", "Oculus.AudioManager.Utils.Editor.csproj", "{C43DFB86-EB22-AC1C-8AD2-765F81F98349}"
EndProject
Project("{FAE04EC0-301F-11D3-BF4B-00C04F79EFBC}") = "Meta.VoiceSDK.Mic.Common", "Meta.VoiceSDK.Mic.Common.csproj", "{619ADB33-3B8A-D95A-0471-A80FDAE7718B}"
EndProject
Project("{FAE04EC0-301F-11D3-BF4B-00C04F79EFBC}") = "SteamVR_Actions", "SteamVR_Actions.csproj", "{80A77219-A725-6735-1B69-3D6A53C6F649}"
EndProject
Project("{FAE04EC0-301F-11D3-BF4B-00C04F79EFBC}") = "Meta.Voice.Samples.ShapesConduit", "Meta.Voice.Samples.ShapesConduit.csproj", "{09E08021-E2FE-DE21-BFD8-A258D9AA2EB4}"
EndProject
Project("{FAE04EC0-301F-11D3-BF4B-00C04F79EFBC}") = "Oculus.Spatializer", "Oculus.Spatializer.csproj", "{FDE9ED90-ACDA-B9E8-51C3-894CF7B65598}"
EndProject
Project("{FAE04EC0-301F-11D3-BF4B-00C04F79EFBC}") = "Meta.VoiceSDK.Mic.Other", "Meta.VoiceSDK.Mic.Other.csproj", "{D38E13E4-A771-A7AB-D956-1B8CAF29D0B1}"
EndProject
Project("{FAE04EC0-301F-11D3-BF4B-00C04F79EFBC}") = "SteamVR_Editor", "SteamVR_Editor.csproj", "{AD7CC69F-5A09-5695-F1C1-88B362037130}"
EndProject
Project("{FAE04EC0-301F-11D3-BF4B-00C04F79EFBC}") = "Oculus.Interaction.InterfaceSupport", "Oculus.Interaction.InterfaceSupport.csproj", "{BDFEDC26-4429-DBF2-0004-8371697C2AB3}"
EndProject
Project("{FAE04EC0-301F-11D3-BF4B-00C04F79EFBC}") = "Oculus.AudioManager.Audio.Editor", "Oculus.AudioManager.Audio.Editor.csproj", "{0F3E25CD-D405-3E1F-61C0-53C60282ACD7}"
EndProject
Project("{FAE04EC0-301F-11D3-BF4B-00C04F79EFBC}") = "SteamVR_Windows_EditorHelper", "SteamVR_Windows_EditorHelper.csproj", "{B5862345-2029-39AE-6CA5-53153EA462F2}"
EndProject
Project("{FAE04EC0-301F-11D3-BF4B-00C04F79EFBC}") = "Meta.Voice.Samples.LiveUnderstanding", "Meta.Voice.Samples.LiveUnderstanding.csproj", "{DD3D5B7B-ADAD-C150-E1C6-E784AA4E3989}"
EndProject
Project("{FAE04EC0-301F-11D3-BF4B-00C04F79EFBC}") = "VoiceSDK.Dictation.Editor", "VoiceSDK.Dictation.Editor.csproj", "{1FE80FF2-5F73-283E-2722-5141A8264D4D}"
EndProject
Project("{FAE04EC0-301F-11D3-BF4B-00C04F79EFBC}") = "AssistantCoreSDKEditor", "AssistantCoreSDKEditor.csproj", "{707C165F-8AA1-02DC-72F2-51721A8BAFE9}"
EndProject
Project("{FAE04EC0-301F-11D3-BF4B-00C04F79EFBC}") = "Meta.VoiceSDK.Mic.WebGL", "Meta.VoiceSDK.Mic.WebGL.csproj", "{9731D163-0FB3-FC78-0029-1C5CC0EA0B5E}"
EndProject
Project("{FAE04EC0-301F-11D3-BF4B-00C04F79EFBC}") = "Meta.Voice.Hub.Runtime", "Meta.Voice.Hub.Runtime.csproj", "{946D69AF-C188-AC1F-AAE9-26D4E72C89C4}"
EndProject
Project("{FAE04EC0-301F-11D3-BF4B-00C04F79EFBC}") = "Meta.Voice.Samples.Chess", "Meta.Voice.Samples.Chess.csproj", "{943C7073-9AAE-5447-10CC-C9FA05997359}"
EndProject
Project("{FAE04EC0-301F-11D3-BF4B-00C04F79EFBC}") = "Meta.Voice.Samples.Dictation", "Meta.Voice.Samples.Dictation.csproj", "{7FD53D32-1901-AAAF-F5D5-B55E849EA3E2}"
EndProject
Project("{FAE04EC0-301F-11D3-BF4B-00C04F79EFBC}") = "Meta.Voice.Samples.Shapes", "Meta.Voice.Samples.Shapes.csproj", "{07B160C1-C8EA-9461-97EF-F446DA663983}"
EndProject
Project("{FAE04EC0-301F-11D3-BF4B-00C04F79EFBC}") = "Facebook.Wit.Dictation.Editor", "Facebook.Wit.Dictation.Editor.csproj", "{C8528791-D163-FA0B-9BC1-F2FC42F23BD6}"
EndProject
Global
	GlobalSection(SolutionConfigurationPlatforms) = preSolution
		Debug|Any CPU = Debug|Any CPU
		Release|Any CPU = Release|Any CPU
	EndGlobalSection
	GlobalSection(ProjectConfigurationPlatforms) = postSolution
		{885CED78-550C-DB9F-ACAB-B5B2E54D42A0}.Debug|Any CPU.ActiveCfg = Debug|Any CPU
		{885CED78-550C-DB9F-ACAB-B5B2E54D42A0}.Debug|Any CPU.Build.0 = Debug|Any CPU
		{885CED78-550C-DB9F-ACAB-B5B2E54D42A0}.Release|Any CPU.ActiveCfg = Release|Any CPU
		{885CED78-550C-DB9F-ACAB-B5B2E54D42A0}.Release|Any CPU.Build.0 = Release|Any CPU
		{BCDAB0A4-5BD6-8EF4-541C-ACBB8164C995}.Debug|Any CPU.ActiveCfg = Debug|Any CPU
		{BCDAB0A4-5BD6-8EF4-541C-ACBB8164C995}.Debug|Any CPU.Build.0 = Debug|Any CPU
		{BCDAB0A4-5BD6-8EF4-541C-ACBB8164C995}.Release|Any CPU.ActiveCfg = Release|Any CPU
		{BCDAB0A4-5BD6-8EF4-541C-ACBB8164C995}.Release|Any CPU.Build.0 = Release|Any CPU
		{A7394897-5298-5714-3F22-5EB92BFDFAB8}.Debug|Any CPU.ActiveCfg = Debug|Any CPU
		{A7394897-5298-5714-3F22-5EB92BFDFAB8}.Debug|Any CPU.Build.0 = Debug|Any CPU
		{A7394897-5298-5714-3F22-5EB92BFDFAB8}.Release|Any CPU.ActiveCfg = Release|Any CPU
		{A7394897-5298-5714-3F22-5EB92BFDFAB8}.Release|Any CPU.Build.0 = Release|Any CPU
		{11430CC6-A71D-7889-77D1-2CE09CAFF318}.Debug|Any CPU.ActiveCfg = Debug|Any CPU
		{11430CC6-A71D-7889-77D1-2CE09CAFF318}.Debug|Any CPU.Build.0 = Debug|Any CPU
		{11430CC6-A71D-7889-77D1-2CE09CAFF318}.Release|Any CPU.ActiveCfg = Release|Any CPU
		{11430CC6-A71D-7889-77D1-2CE09CAFF318}.Release|Any CPU.Build.0 = Release|Any CPU
		{AD249149-6612-7D8A-B0FD-34F70875779C}.Debug|Any CPU.ActiveCfg = Debug|Any CPU
		{AD249149-6612-7D8A-B0FD-34F70875779C}.Debug|Any CPU.Build.0 = Debug|Any CPU
		{AD249149-6612-7D8A-B0FD-34F70875779C}.Release|Any CPU.ActiveCfg = Release|Any CPU
		{AD249149-6612-7D8A-B0FD-34F70875779C}.Release|Any CPU.Build.0 = Release|Any CPU
		{680D9AA2-686F-7FBD-B731-593DC769C391}.Debug|Any CPU.ActiveCfg = Debug|Any CPU
		{680D9AA2-686F-7FBD-B731-593DC769C391}.Debug|Any CPU.Build.0 = Debug|Any CPU
		{680D9AA2-686F-7FBD-B731-593DC769C391}.Release|Any CPU.ActiveCfg = Release|Any CPU
		{680D9AA2-686F-7FBD-B731-593DC769C391}.Release|Any CPU.Build.0 = Release|Any CPU
		{02E72B03-FE7F-082A-541A-7530C93267F8}.Debug|Any CPU.ActiveCfg = Debug|Any CPU
		{02E72B03-FE7F-082A-541A-7530C93267F8}.Debug|Any CPU.Build.0 = Debug|Any CPU
		{02E72B03-FE7F-082A-541A-7530C93267F8}.Release|Any CPU.ActiveCfg = Release|Any CPU
		{02E72B03-FE7F-082A-541A-7530C93267F8}.Release|Any CPU.Build.0 = Release|Any CPU
		{7601B9D4-7042-8016-9FD6-5F9E857F23DA}.Debug|Any CPU.ActiveCfg = Debug|Any CPU
		{7601B9D4-7042-8016-9FD6-5F9E857F23DA}.Debug|Any CPU.Build.0 = Debug|Any CPU
		{7601B9D4-7042-8016-9FD6-5F9E857F23DA}.Release|Any CPU.ActiveCfg = Release|Any CPU
		{7601B9D4-7042-8016-9FD6-5F9E857F23DA}.Release|Any CPU.Build.0 = Release|Any CPU
		{F3CD6EE0-8CE7-5DAE-3D66-DA9E93D2B7E6}.Debug|Any CPU.ActiveCfg = Debug|Any CPU
		{F3CD6EE0-8CE7-5DAE-3D66-DA9E93D2B7E6}.Debug|Any CPU.Build.0 = Debug|Any CPU
		{F3CD6EE0-8CE7-5DAE-3D66-DA9E93D2B7E6}.Release|Any CPU.ActiveCfg = Release|Any CPU
		{F3CD6EE0-8CE7-5DAE-3D66-DA9E93D2B7E6}.Release|Any CPU.Build.0 = Release|Any CPU
		{9B8FBE3C-3205-A684-0D76-986C2A5CB13C}.Debug|Any CPU.ActiveCfg = Debug|Any CPU
		{9B8FBE3C-3205-A684-0D76-986C2A5CB13C}.Debug|Any CPU.Build.0 = Debug|Any CPU
		{9B8FBE3C-3205-A684-0D76-986C2A5CB13C}.Release|Any CPU.ActiveCfg = Release|Any CPU
		{9B8FBE3C-3205-A684-0D76-986C2A5CB13C}.Release|Any CPU.Build.0 = Release|Any CPU
		{1467D84B-2DDC-6FFE-BEDE-8A816F8EBF7F}.Debug|Any CPU.ActiveCfg = Debug|Any CPU
		{1467D84B-2DDC-6FFE-BEDE-8A816F8EBF7F}.Debug|Any CPU.Build.0 = Debug|Any CPU
		{1467D84B-2DDC-6FFE-BEDE-8A816F8EBF7F}.Release|Any CPU.ActiveCfg = Release|Any CPU
		{1467D84B-2DDC-6FFE-BEDE-8A816F8EBF7F}.Release|Any CPU.Build.0 = Release|Any CPU
		{A0FF3014-A7E8-80F2-FC39-CC67CA2A3227}.Debug|Any CPU.ActiveCfg = Debug|Any CPU
		{A0FF3014-A7E8-80F2-FC39-CC67CA2A3227}.Debug|Any CPU.Build.0 = Debug|Any CPU
		{A0FF3014-A7E8-80F2-FC39-CC67CA2A3227}.Release|Any CPU.ActiveCfg = Release|Any CPU
		{A0FF3014-A7E8-80F2-FC39-CC67CA2A3227}.Release|Any CPU.Build.0 = Release|Any CPU
		{4CA5C8B0-4404-18BD-CA63-22782A5D8792}.Debug|Any CPU.ActiveCfg = Debug|Any CPU
		{4CA5C8B0-4404-18BD-CA63-22782A5D8792}.Debug|Any CPU.Build.0 = Debug|Any CPU
		{4CA5C8B0-4404-18BD-CA63-22782A5D8792}.Release|Any CPU.ActiveCfg = Release|Any CPU
		{4CA5C8B0-4404-18BD-CA63-22782A5D8792}.Release|Any CPU.Build.0 = Release|Any CPU
		{28D3B842-2AD5-975F-C469-0857F813F3D8}.Debug|Any CPU.ActiveCfg = Debug|Any CPU
		{28D3B842-2AD5-975F-C469-0857F813F3D8}.Debug|Any CPU.Build.0 = Debug|Any CPU
		{28D3B842-2AD5-975F-C469-0857F813F3D8}.Release|Any CPU.ActiveCfg = Release|Any CPU
		{28D3B842-2AD5-975F-C469-0857F813F3D8}.Release|Any CPU.Build.0 = Release|Any CPU
		{3F297784-A65C-29B6-6CDD-991A6CE73402}.Debug|Any CPU.ActiveCfg = Debug|Any CPU
		{3F297784-A65C-29B6-6CDD-991A6CE73402}.Debug|Any CPU.Build.0 = Debug|Any CPU
		{3F297784-A65C-29B6-6CDD-991A6CE73402}.Release|Any CPU.ActiveCfg = Release|Any CPU
		{3F297784-A65C-29B6-6CDD-991A6CE73402}.Release|Any CPU.Build.0 = Release|Any CPU
		{D30DC3E9-9E36-D1A1-91A0-FEF55A547DE6}.Debug|Any CPU.ActiveCfg = Debug|Any CPU
		{D30DC3E9-9E36-D1A1-91A0-FEF55A547DE6}.Debug|Any CPU.Build.0 = Debug|Any CPU
		{D30DC3E9-9E36-D1A1-91A0-FEF55A547DE6}.Release|Any CPU.ActiveCfg = Release|Any CPU
		{D30DC3E9-9E36-D1A1-91A0-FEF55A547DE6}.Release|Any CPU.Build.0 = Release|Any CPU
		{6142BD9A-39E6-B763-F873-FD619F008949}.Debug|Any CPU.ActiveCfg = Debug|Any CPU
		{6142BD9A-39E6-B763-F873-FD619F008949}.Debug|Any CPU.Build.0 = Debug|Any CPU
		{6142BD9A-39E6-B763-F873-FD619F008949}.Release|Any CPU.ActiveCfg = Release|Any CPU
		{6142BD9A-39E6-B763-F873-FD619F008949}.Release|Any CPU.Build.0 = Release|Any CPU
		{6981BED5-AE15-B6DD-9605-8809F6D65D0D}.Debug|Any CPU.ActiveCfg = Debug|Any CPU
		{6981BED5-AE15-B6DD-9605-8809F6D65D0D}.Debug|Any CPU.Build.0 = Debug|Any CPU
		{6981BED5-AE15-B6DD-9605-8809F6D65D0D}.Release|Any CPU.ActiveCfg = Release|Any CPU
		{6981BED5-AE15-B6DD-9605-8809F6D65D0D}.Release|Any CPU.Build.0 = Release|Any CPU
		{55AF2953-E1C1-C641-9FCE-232E4933D3B0}.Debug|Any CPU.ActiveCfg = Debug|Any CPU
		{55AF2953-E1C1-C641-9FCE-232E4933D3B0}.Debug|Any CPU.Build.0 = Debug|Any CPU
		{55AF2953-E1C1-C641-9FCE-232E4933D3B0}.Release|Any CPU.ActiveCfg = Release|Any CPU
		{55AF2953-E1C1-C641-9FCE-232E4933D3B0}.Release|Any CPU.Build.0 = Release|Any CPU
		{EA0D5E65-C874-05E1-58FD-60590DD95109}.Debug|Any CPU.ActiveCfg = Debug|Any CPU
		{EA0D5E65-C874-05E1-58FD-60590DD95109}.Debug|Any CPU.Build.0 = Debug|Any CPU
		{EA0D5E65-C874-05E1-58FD-60590DD95109}.Release|Any CPU.ActiveCfg = Release|Any CPU
		{EA0D5E65-C874-05E1-58FD-60590DD95109}.Release|Any CPU.Build.0 = Release|Any CPU
		{E2523F53-9F11-140C-C55E-DC33FB42F7A1}.Debug|Any CPU.ActiveCfg = Debug|Any CPU
		{E2523F53-9F11-140C-C55E-DC33FB42F7A1}.Debug|Any CPU.Build.0 = Debug|Any CPU
		{E2523F53-9F11-140C-C55E-DC33FB42F7A1}.Release|Any CPU.ActiveCfg = Release|Any CPU
		{E2523F53-9F11-140C-C55E-DC33FB42F7A1}.Release|Any CPU.Build.0 = Release|Any CPU
		{593C0E73-93AE-368F-9762-F3EA28715715}.Debug|Any CPU.ActiveCfg = Debug|Any CPU
		{593C0E73-93AE-368F-9762-F3EA28715715}.Debug|Any CPU.Build.0 = Debug|Any CPU
		{593C0E73-93AE-368F-9762-F3EA28715715}.Release|Any CPU.ActiveCfg = Release|Any CPU
		{593C0E73-93AE-368F-9762-F3EA28715715}.Release|Any CPU.Build.0 = Release|Any CPU
		{72002FCC-7B19-E6A7-58B8-C09613BC52EC}.Debug|Any CPU.ActiveCfg = Debug|Any CPU
		{72002FCC-7B19-E6A7-58B8-C09613BC52EC}.Debug|Any CPU.Build.0 = Debug|Any CPU
		{72002FCC-7B19-E6A7-58B8-C09613BC52EC}.Release|Any CPU.ActiveCfg = Release|Any CPU
		{72002FCC-7B19-E6A7-58B8-C09613BC52EC}.Release|Any CPU.Build.0 = Release|Any CPU
		{35316471-0127-69B0-C0FC-6D1F5236D9D4}.Debug|Any CPU.ActiveCfg = Debug|Any CPU
		{35316471-0127-69B0-C0FC-6D1F5236D9D4}.Debug|Any CPU.Build.0 = Debug|Any CPU
		{35316471-0127-69B0-C0FC-6D1F5236D9D4}.Release|Any CPU.ActiveCfg = Release|Any CPU
		{35316471-0127-69B0-C0FC-6D1F5236D9D4}.Release|Any CPU.Build.0 = Release|Any CPU
		{DE901A0C-3632-D1FC-DF68-5A740BB9FCD6}.Debug|Any CPU.ActiveCfg = Debug|Any CPU
		{DE901A0C-3632-D1FC-DF68-5A740BB9FCD6}.Debug|Any CPU.Build.0 = Debug|Any CPU
		{DE901A0C-3632-D1FC-DF68-5A740BB9FCD6}.Release|Any CPU.ActiveCfg = Release|Any CPU
		{DE901A0C-3632-D1FC-DF68-5A740BB9FCD6}.Release|Any CPU.Build.0 = Release|Any CPU
		{D265077A-1867-2C49-8308-580097C3C7A6}.Debug|Any CPU.ActiveCfg = Debug|Any CPU
		{D265077A-1867-2C49-8308-580097C3C7A6}.Debug|Any CPU.Build.0 = Debug|Any CPU
		{D265077A-1867-2C49-8308-580097C3C7A6}.Release|Any CPU.ActiveCfg = Release|Any CPU
		{D265077A-1867-2C49-8308-580097C3C7A6}.Release|Any CPU.Build.0 = Release|Any CPU
		{24CFC901-991F-7C38-28B3-FACD1B207A19}.Debug|Any CPU.ActiveCfg = Debug|Any CPU
		{24CFC901-991F-7C38-28B3-FACD1B207A19}.Debug|Any CPU.Build.0 = Debug|Any CPU
		{24CFC901-991F-7C38-28B3-FACD1B207A19}.Release|Any CPU.ActiveCfg = Release|Any CPU
		{24CFC901-991F-7C38-28B3-FACD1B207A19}.Release|Any CPU.Build.0 = Release|Any CPU
		{8F78BF88-20A5-348B-5561-FF29769ED004}.Debug|Any CPU.ActiveCfg = Debug|Any CPU
		{8F78BF88-20A5-348B-5561-FF29769ED004}.Debug|Any CPU.Build.0 = Debug|Any CPU
		{8F78BF88-20A5-348B-5561-FF29769ED004}.Release|Any CPU.ActiveCfg = Release|Any CPU
		{8F78BF88-20A5-348B-5561-FF29769ED004}.Release|Any CPU.Build.0 = Release|Any CPU
		{A2BF3303-697E-6CCB-2060-A3812520FC55}.Debug|Any CPU.ActiveCfg = Debug|Any CPU
		{A2BF3303-697E-6CCB-2060-A3812520FC55}.Debug|Any CPU.Build.0 = Debug|Any CPU
		{A2BF3303-697E-6CCB-2060-A3812520FC55}.Release|Any CPU.ActiveCfg = Release|Any CPU
		{A2BF3303-697E-6CCB-2060-A3812520FC55}.Release|Any CPU.Build.0 = Release|Any CPU
		{6DE8FA11-17FE-FC1B-2ADD-57BE7969FCAA}.Debug|Any CPU.ActiveCfg = Debug|Any CPU
		{6DE8FA11-17FE-FC1B-2ADD-57BE7969FCAA}.Debug|Any CPU.Build.0 = Debug|Any CPU
		{6DE8FA11-17FE-FC1B-2ADD-57BE7969FCAA}.Release|Any CPU.ActiveCfg = Release|Any CPU
		{6DE8FA11-17FE-FC1B-2ADD-57BE7969FCAA}.Release|Any CPU.Build.0 = Release|Any CPU
		{AEC52A09-3087-5273-CBA2-F5B32CBB4434}.Debug|Any CPU.ActiveCfg = Debug|Any CPU
		{AEC52A09-3087-5273-CBA2-F5B32CBB4434}.Debug|Any CPU.Build.0 = Debug|Any CPU
		{AEC52A09-3087-5273-CBA2-F5B32CBB4434}.Release|Any CPU.ActiveCfg = Release|Any CPU
		{AEC52A09-3087-5273-CBA2-F5B32CBB4434}.Release|Any CPU.Build.0 = Release|Any CPU
		{B9143250-10B9-469B-DEE6-8B12A62D15B2}.Debug|Any CPU.ActiveCfg = Debug|Any CPU
		{B9143250-10B9-469B-DEE6-8B12A62D15B2}.Debug|Any CPU.Build.0 = Debug|Any CPU
		{B9143250-10B9-469B-DEE6-8B12A62D15B2}.Release|Any CPU.ActiveCfg = Release|Any CPU
		{B9143250-10B9-469B-DEE6-8B12A62D15B2}.Release|Any CPU.Build.0 = Release|Any CPU
		{520151BC-A91C-B7A8-6436-532F96AD42B0}.Debug|Any CPU.ActiveCfg = Debug|Any CPU
		{520151BC-A91C-B7A8-6436-532F96AD42B0}.Debug|Any CPU.Build.0 = Debug|Any CPU
		{520151BC-A91C-B7A8-6436-532F96AD42B0}.Release|Any CPU.ActiveCfg = Release|Any CPU
		{520151BC-A91C-B7A8-6436-532F96AD42B0}.Release|Any CPU.Build.0 = Release|Any CPU
		{6D2C6906-0FA4-A217-986B-6F63DB6F3F25}.Debug|Any CPU.ActiveCfg = Debug|Any CPU
		{6D2C6906-0FA4-A217-986B-6F63DB6F3F25}.Debug|Any CPU.Build.0 = Debug|Any CPU
		{6D2C6906-0FA4-A217-986B-6F63DB6F3F25}.Release|Any CPU.ActiveCfg = Release|Any CPU
		{6D2C6906-0FA4-A217-986B-6F63DB6F3F25}.Release|Any CPU.Build.0 = Release|Any CPU
		{2AD99911-2B02-1212-90DE-FA5AAC66DAA4}.Debug|Any CPU.ActiveCfg = Debug|Any CPU
		{2AD99911-2B02-1212-90DE-FA5AAC66DAA4}.Debug|Any CPU.Build.0 = Debug|Any CPU
		{2AD99911-2B02-1212-90DE-FA5AAC66DAA4}.Release|Any CPU.ActiveCfg = Release|Any CPU
		{2AD99911-2B02-1212-90DE-FA5AAC66DAA4}.Release|Any CPU.Build.0 = Release|Any CPU
		{315C6B0B-9988-20D4-2C21-6AA319AEEFB2}.Debug|Any CPU.ActiveCfg = Debug|Any CPU
		{315C6B0B-9988-20D4-2C21-6AA319AEEFB2}.Debug|Any CPU.Build.0 = Debug|Any CPU
		{315C6B0B-9988-20D4-2C21-6AA319AEEFB2}.Release|Any CPU.ActiveCfg = Release|Any CPU
		{315C6B0B-9988-20D4-2C21-6AA319AEEFB2}.Release|Any CPU.Build.0 = Release|Any CPU
		{AB26F99C-2AF0-203E-83BA-2D40541CDB0A}.Debug|Any CPU.ActiveCfg = Debug|Any CPU
		{AB26F99C-2AF0-203E-83BA-2D40541CDB0A}.Debug|Any CPU.Build.0 = Debug|Any CPU
		{AB26F99C-2AF0-203E-83BA-2D40541CDB0A}.Release|Any CPU.ActiveCfg = Release|Any CPU
		{AB26F99C-2AF0-203E-83BA-2D40541CDB0A}.Release|Any CPU.Build.0 = Release|Any CPU
		{09D74D2C-C512-0AF3-8E84-8031C20D94AB}.Debug|Any CPU.ActiveCfg = Debug|Any CPU
		{09D74D2C-C512-0AF3-8E84-8031C20D94AB}.Debug|Any CPU.Build.0 = Debug|Any CPU
		{09D74D2C-C512-0AF3-8E84-8031C20D94AB}.Release|Any CPU.ActiveCfg = Release|Any CPU
		{09D74D2C-C512-0AF3-8E84-8031C20D94AB}.Release|Any CPU.Build.0 = Release|Any CPU
		{92577B64-65D2-48A4-8DA7-3CDD0DFA7007}.Debug|Any CPU.ActiveCfg = Debug|Any CPU
		{92577B64-65D2-48A4-8DA7-3CDD0DFA7007}.Debug|Any CPU.Build.0 = Debug|Any CPU
		{92577B64-65D2-48A4-8DA7-3CDD0DFA7007}.Release|Any CPU.ActiveCfg = Release|Any CPU
		{92577B64-65D2-48A4-8DA7-3CDD0DFA7007}.Release|Any CPU.Build.0 = Release|Any CPU
		{C5384CF2-5DA1-5355-4DB7-73B5C608ABB6}.Debug|Any CPU.ActiveCfg = Debug|Any CPU
		{C5384CF2-5DA1-5355-4DB7-73B5C608ABB6}.Debug|Any CPU.Build.0 = Debug|Any CPU
		{C5384CF2-5DA1-5355-4DB7-73B5C608ABB6}.Release|Any CPU.ActiveCfg = Release|Any CPU
		{C5384CF2-5DA1-5355-4DB7-73B5C608ABB6}.Release|Any CPU.Build.0 = Release|Any CPU
		{DEFD49F8-3DFB-9A50-3675-75B0AD695C96}.Debug|Any CPU.ActiveCfg = Debug|Any CPU
		{DEFD49F8-3DFB-9A50-3675-75B0AD695C96}.Debug|Any CPU.Build.0 = Debug|Any CPU
		{DEFD49F8-3DFB-9A50-3675-75B0AD695C96}.Release|Any CPU.ActiveCfg = Release|Any CPU
		{DEFD49F8-3DFB-9A50-3675-75B0AD695C96}.Release|Any CPU.Build.0 = Release|Any CPU
		{C43DFB86-EB22-AC1C-8AD2-765F81F98349}.Debug|Any CPU.ActiveCfg = Debug|Any CPU
		{C43DFB86-EB22-AC1C-8AD2-765F81F98349}.Debug|Any CPU.Build.0 = Debug|Any CPU
		{C43DFB86-EB22-AC1C-8AD2-765F81F98349}.Release|Any CPU.ActiveCfg = Release|Any CPU
		{C43DFB86-EB22-AC1C-8AD2-765F81F98349}.Release|Any CPU.Build.0 = Release|Any CPU
		{619ADB33-3B8A-D95A-0471-A80FDAE7718B}.Debug|Any CPU.ActiveCfg = Debug|Any CPU
		{619ADB33-3B8A-D95A-0471-A80FDAE7718B}.Debug|Any CPU.Build.0 = Debug|Any CPU
		{619ADB33-3B8A-D95A-0471-A80FDAE7718B}.Release|Any CPU.ActiveCfg = Release|Any CPU
		{619ADB33-3B8A-D95A-0471-A80FDAE7718B}.Release|Any CPU.Build.0 = Release|Any CPU
		{80A77219-A725-6735-1B69-3D6A53C6F649}.Debug|Any CPU.ActiveCfg = Debug|Any CPU
		{80A77219-A725-6735-1B69-3D6A53C6F649}.Debug|Any CPU.Build.0 = Debug|Any CPU
		{80A77219-A725-6735-1B69-3D6A53C6F649}.Release|Any CPU.ActiveCfg = Release|Any CPU
		{80A77219-A725-6735-1B69-3D6A53C6F649}.Release|Any CPU.Build.0 = Release|Any CPU
		{09E08021-E2FE-DE21-BFD8-A258D9AA2EB4}.Debug|Any CPU.ActiveCfg = Debug|Any CPU
		{09E08021-E2FE-DE21-BFD8-A258D9AA2EB4}.Debug|Any CPU.Build.0 = Debug|Any CPU
		{09E08021-E2FE-DE21-BFD8-A258D9AA2EB4}.Release|Any CPU.ActiveCfg = Release|Any CPU
		{09E08021-E2FE-DE21-BFD8-A258D9AA2EB4}.Release|Any CPU.Build.0 = Release|Any CPU
		{FDE9ED90-ACDA-B9E8-51C3-894CF7B65598}.Debug|Any CPU.ActiveCfg = Debug|Any CPU
		{FDE9ED90-ACDA-B9E8-51C3-894CF7B65598}.Debug|Any CPU.Build.0 = Debug|Any CPU
		{FDE9ED90-ACDA-B9E8-51C3-894CF7B65598}.Release|Any CPU.ActiveCfg = Release|Any CPU
		{FDE9ED90-ACDA-B9E8-51C3-894CF7B65598}.Release|Any CPU.Build.0 = Release|Any CPU
		{D38E13E4-A771-A7AB-D956-1B8CAF29D0B1}.Debug|Any CPU.ActiveCfg = Debug|Any CPU
		{D38E13E4-A771-A7AB-D956-1B8CAF29D0B1}.Debug|Any CPU.Build.0 = Debug|Any CPU
		{D38E13E4-A771-A7AB-D956-1B8CAF29D0B1}.Release|Any CPU.ActiveCfg = Release|Any CPU
		{D38E13E4-A771-A7AB-D956-1B8CAF29D0B1}.Release|Any CPU.Build.0 = Release|Any CPU
		{AD7CC69F-5A09-5695-F1C1-88B362037130}.Debug|Any CPU.ActiveCfg = Debug|Any CPU
		{AD7CC69F-5A09-5695-F1C1-88B362037130}.Debug|Any CPU.Build.0 = Debug|Any CPU
		{AD7CC69F-5A09-5695-F1C1-88B362037130}.Release|Any CPU.ActiveCfg = Release|Any CPU
		{AD7CC69F-5A09-5695-F1C1-88B362037130}.Release|Any CPU.Build.0 = Release|Any CPU
		{BDFEDC26-4429-DBF2-0004-8371697C2AB3}.Debug|Any CPU.ActiveCfg = Debug|Any CPU
		{BDFEDC26-4429-DBF2-0004-8371697C2AB3}.Debug|Any CPU.Build.0 = Debug|Any CPU
		{BDFEDC26-4429-DBF2-0004-8371697C2AB3}.Release|Any CPU.ActiveCfg = Release|Any CPU
		{BDFEDC26-4429-DBF2-0004-8371697C2AB3}.Release|Any CPU.Build.0 = Release|Any CPU
		{0F3E25CD-D405-3E1F-61C0-53C60282ACD7}.Debug|Any CPU.ActiveCfg = Debug|Any CPU
		{0F3E25CD-D405-3E1F-61C0-53C60282ACD7}.Debug|Any CPU.Build.0 = Debug|Any CPU
		{0F3E25CD-D405-3E1F-61C0-53C60282ACD7}.Release|Any CPU.ActiveCfg = Release|Any CPU
		{0F3E25CD-D405-3E1F-61C0-53C60282ACD7}.Release|Any CPU.Build.0 = Release|Any CPU
		{B5862345-2029-39AE-6CA5-53153EA462F2}.Debug|Any CPU.ActiveCfg = Debug|Any CPU
		{B5862345-2029-39AE-6CA5-53153EA462F2}.Debug|Any CPU.Build.0 = Debug|Any CPU
		{B5862345-2029-39AE-6CA5-53153EA462F2}.Release|Any CPU.ActiveCfg = Release|Any CPU
		{B5862345-2029-39AE-6CA5-53153EA462F2}.Release|Any CPU.Build.0 = Release|Any CPU
		{DD3D5B7B-ADAD-C150-E1C6-E784AA4E3989}.Debug|Any CPU.ActiveCfg = Debug|Any CPU
		{DD3D5B7B-ADAD-C150-E1C6-E784AA4E3989}.Debug|Any CPU.Build.0 = Debug|Any CPU
		{DD3D5B7B-ADAD-C150-E1C6-E784AA4E3989}.Release|Any CPU.ActiveCfg = Release|Any CPU
		{DD3D5B7B-ADAD-C150-E1C6-E784AA4E3989}.Release|Any CPU.Build.0 = Release|Any CPU
		{1FE80FF2-5F73-283E-2722-5141A8264D4D}.Debug|Any CPU.ActiveCfg = Debug|Any CPU
		{1FE80FF2-5F73-283E-2722-5141A8264D4D}.Debug|Any CPU.Build.0 = Debug|Any CPU
		{1FE80FF2-5F73-283E-2722-5141A8264D4D}.Release|Any CPU.ActiveCfg = Release|Any CPU
		{1FE80FF2-5F73-283E-2722-5141A8264D4D}.Release|Any CPU.Build.0 = Release|Any CPU
		{707C165F-8AA1-02DC-72F2-51721A8BAFE9}.Debug|Any CPU.ActiveCfg = Debug|Any CPU
		{707C165F-8AA1-02DC-72F2-51721A8BAFE9}.Debug|Any CPU.Build.0 = Debug|Any CPU
		{707C165F-8AA1-02DC-72F2-51721A8BAFE9}.Release|Any CPU.ActiveCfg = Release|Any CPU
		{707C165F-8AA1-02DC-72F2-51721A8BAFE9}.Release|Any CPU.Build.0 = Release|Any CPU
		{9731D163-0FB3-FC78-0029-1C5CC0EA0B5E}.Debug|Any CPU.ActiveCfg = Debug|Any CPU
		{9731D163-0FB3-FC78-0029-1C5CC0EA0B5E}.Debug|Any CPU.Build.0 = Debug|Any CPU
		{9731D163-0FB3-FC78-0029-1C5CC0EA0B5E}.Release|Any CPU.ActiveCfg = Release|Any CPU
		{9731D163-0FB3-FC78-0029-1C5CC0EA0B5E}.Release|Any CPU.Build.0 = Release|Any CPU
		{946D69AF-C188-AC1F-AAE9-26D4E72C89C4}.Debug|Any CPU.ActiveCfg = Debug|Any CPU
		{946D69AF-C188-AC1F-AAE9-26D4E72C89C4}.Debug|Any CPU.Build.0 = Debug|Any CPU
		{946D69AF-C188-AC1F-AAE9-26D4E72C89C4}.Release|Any CPU.ActiveCfg = Release|Any CPU
		{946D69AF-C188-AC1F-AAE9-26D4E72C89C4}.Release|Any CPU.Build.0 = Release|Any CPU
		{943C7073-9AAE-5447-10CC-C9FA05997359}.Debug|Any CPU.ActiveCfg = Debug|Any CPU
		{943C7073-9AAE-5447-10CC-C9FA05997359}.Debug|Any CPU.Build.0 = Debug|Any CPU
		{943C7073-9AAE-5447-10CC-C9FA05997359}.Release|Any CPU.ActiveCfg = Release|Any CPU
		{943C7073-9AAE-5447-10CC-C9FA05997359}.Release|Any CPU.Build.0 = Release|Any CPU
		{7FD53D32-1901-AAAF-F5D5-B55E849EA3E2}.Debug|Any CPU.ActiveCfg = Debug|Any CPU
		{7FD53D32-1901-AAAF-F5D5-B55E849EA3E2}.Debug|Any CPU.Build.0 = Debug|Any CPU
		{7FD53D32-1901-AAAF-F5D5-B55E849EA3E2}.Release|Any CPU.ActiveCfg = Release|Any CPU
		{7FD53D32-1901-AAAF-F5D5-B55E849EA3E2}.Release|Any CPU.Build.0 = Release|Any CPU
		{07B160C1-C8EA-9461-97EF-F446DA663983}.Debug|Any CPU.ActiveCfg = Debug|Any CPU
		{07B160C1-C8EA-9461-97EF-F446DA663983}.Debug|Any CPU.Build.0 = Debug|Any CPU
		{07B160C1-C8EA-9461-97EF-F446DA663983}.Release|Any CPU.ActiveCfg = Release|Any CPU
		{07B160C1-C8EA-9461-97EF-F446DA663983}.Release|Any CPU.Build.0 = Release|Any CPU
		{C8528791-D163-FA0B-9BC1-F2FC42F23BD6}.Debug|Any CPU.ActiveCfg = Debug|Any CPU
		{C8528791-D163-FA0B-9BC1-F2FC42F23BD6}.Debug|Any CPU.Build.0 = Debug|Any CPU
		{C8528791-D163-FA0B-9BC1-F2FC42F23BD6}.Release|Any CPU.ActiveCfg = Release|Any CPU
		{C8528791-D163-FA0B-9BC1-F2FC42F23BD6}.Release|Any CPU.Build.0 = Release|Any CPU
	EndGlobalSection
	GlobalSection(SolutionProperties) = preSolution
		HideSolutionNode = FALSE
	EndGlobalSection
EndGlobal
