
Microsoft Visual Studio Solution File, Format Version 12.00
# Visual Studio 15
Project("{FAE04EC0-301F-11D3-BF4B-00C04F79EFBC}") = "Meta.WitAi.Conduit", "Meta.WitAi.Conduit.csproj", "{E33FC246-11A8-81A0-6CB2-9FFE2A95CA1A}"
EndProject
Project("{FAE04EC0-301F-11D3-BF4B-00C04F79EFBC}") = "Oculus.VR", "Oculus.VR.csproj", "{24E36D64-B75B-DC55-2F8B-465C18BB46F4}"
EndProject
Project("{FAE04EC0-301F-11D3-BF4B-00C04F79EFBC}") = "Oculus.Interaction", "Oculus.Interaction.csproj", "{3CCD66E3-E329-260F-E32C-58383468FBD8}"
EndProject
Project("{FAE04EC0-301F-11D3-BF4B-00C04F79EFBC}") = "Oculus.Interaction.Editor", "Oculus.Interaction.Editor.csproj", "{77B45DDA-51DC-8046-BA5D-E009780EF3F7}"
EndProject
Project("{FAE04EC0-301F-11D3-BF4B-00C04F79EFBC}") = "SteamVR", "SteamVR.csproj", "{F9D3311D-4161-259B-190F-38D4C234A395}"
EndProject
Project("{FAE04EC0-301F-11D3-BF4B-00C04F79EFBC}") = "Oculus.Platform", "Oculus.Platform.csproj", "{DEB45876-FBC4-EAEF-54A8-1C2702E6A025}"
EndProject
Project("{FAE04EC0-301F-11D3-BF4B-00C04F79EFBC}") = "VoiceSDK.Telemetry", "VoiceSDK.Telemetry.csproj", "{3EC9816B-531C-40B8-823F-31961B832726}"
EndProject
Project("{FAE04EC0-301F-11D3-BF4B-00C04F79EFBC}") = "Assembly-CSharp", "Assembly-CSharp.csproj", "{99366B3C-E077-59FD-C439-29E571D8C710}"
EndProject
Project("{FAE04EC0-301F-11D3-BF4B-00C04F79EFBC}") = "Oculus.Interaction.OVR.Samples", "Oculus.Interaction.OVR.Samples.csproj", "{17510829-5312-F44F-CE9F-2B7989CEFBFB}"
EndProject
Project("{FAE04EC0-301F-11D3-BF4B-00C04F79EFBC}") = "Meta.WitAi.Lib", "Meta.WitAi.Lib.csproj", "{D568ADB3-D392-7908-0E41-CBB0D756D2B8}"
EndProject
Project("{FAE04EC0-301F-11D3-BF4B-00C04F79EFBC}") = "Meta.WitAi.Editor", "Meta.WitAi.Editor.csproj", "{B6BB0261-CFC6-2B66-41A5-629105EDD781}"
EndProject
Project("{FAE04EC0-301F-11D3-BF4B-00C04F79EFBC}") = "Meta.WitAi.Conduit.Editor", "Meta.WitAi.Conduit.Editor.csproj", "{C4F2A867-8121-50B0-5612-3E28F4A2C198}"
EndProject
Project("{FAE04EC0-301F-11D3-BF4B-00C04F79EFBC}") = "Meta.WitAi", "Meta.WitAi.csproj", "{A60B98AD-17FD-DAD9-F54A-3FF4DF5485F7}"
EndProject
Project("{FAE04EC0-301F-11D3-BF4B-00C04F79EFBC}") = "Oculus.VR.Editor", "Oculus.VR.Editor.csproj", "{D31EA79C-3099-985D-8484-0A590E0A8424}"
EndProject
Project("{FAE04EC0-301F-11D3-BF4B-00C04F79EFBC}") = "Oculus.Interaction.OVR.Editor", "Oculus.Interaction.OVR.Editor.csproj", "{FFC7AFAF-A9D7-E4B3-200C-EEAA027BD6BF}"
EndProject
Project("{FAE04EC0-301F-11D3-BF4B-00C04F79EFBC}") = "Oculus.LipSync", "Oculus.LipSync.csproj", "{7474A6F7-DAB7-7148-879F-CDAE4993FD36}"
EndProject
Project("{FAE04EC0-301F-11D3-BF4B-00C04F79EFBC}") = "SteamVR_Input_Editor", "SteamVR_Input_Editor.csproj", "{443B912F-383E-4F8C-4D3F-C7DC33F97358}"
EndProject
Project("{FAE04EC0-301F-11D3-BF4B-00C04F79EFBC}") = "Oculus.Interaction.OVR", "Oculus.Interaction.OVR.csproj", "{D81D44E5-AD51-E63C-9163-25BE4C28D2EC}"
EndProject
Project("{FAE04EC0-301F-11D3-BF4B-00C04F79EFBC}") = "VoiceSDK.Editor", "VoiceSDK.Editor.csproj", "{98A58482-465A-B51D-68ED-77F251CF8359}"
EndProject
Project("{FAE04EC0-301F-11D3-BF4B-00C04F79EFBC}") = "Meta.WitAI.Lib.Editor", "Meta.WitAI.Lib.Editor.csproj", "{AE1B5D5D-F294-E5C0-2510-06C9F47F3750}"
EndProject
Project("{FAE04EC0-301F-11D3-BF4B-00C04F79EFBC}") = "Oculus.AudioManager", "Oculus.AudioManager.csproj", "{F21721C4-567F-A28E-91E9-AA46F3E36893}"
EndProject
Project("{FAE04EC0-301F-11D3-BF4B-00C04F79EFBC}") = "Meta.Voice.Samples.BuiltInTimer", "Meta.Voice.Samples.BuiltInTimer.csproj", "{0287F5C4-3DBD-F9A0-CA67-07B6CBDC7383}"
EndProject
Project("{FAE04EC0-301F-11D3-BF4B-00C04F79EFBC}") = "Meta.XR.BuildingBlocks.Editor", "Meta.XR.BuildingBlocks.Editor.csproj", "{9E658C9D-0D50-74AD-0DB6-0B35DBE4E3A7}"
EndProject
Project("{FAE04EC0-301F-11D3-BF4B-00C04F79EFBC}") = "Meta.Voice.VSDKHub.Editor", "Meta.Voice.VSDKHub.Editor.csproj", "{F5C330BE-1B54-23F3-9D50-F50AA02BD773}"
EndProject
Project("{FAE04EC0-301F-11D3-BF4B-00C04F79EFBC}") = "VoiceSDK.Dictation.Runtime", "VoiceSDK.Dictation.Runtime.csproj", "{F7CF5CB5-6AC0-65E5-CAC9-DE7E3DE70C7F}"
EndProject
Project("{FAE04EC0-301F-11D3-BF4B-00C04F79EFBC}") = "Meta.WitAi.TTS", "Meta.WitAi.TTS.csproj", "{1F5A2906-2F2C-5DC8-AF99-7A1ADA97E144}"
EndProject
Project("{FAE04EC0-301F-11D3-BF4B-00C04F79EFBC}") = "AssistantCoreSDKRuntime", "AssistantCoreSDKRuntime.csproj", "{E73CDF07-9342-E212-7141-8290D67B30C9}"
EndProject
Project("{FAE04EC0-301F-11D3-BF4B-00C04F79EFBC}") = "Assembly-CSharp-Editor", "Assembly-CSharp-Editor.csproj", "{0B28E5CE-BA77-28D6-FF89-0FE9C9A81866}"
EndProject
Project("{FAE04EC0-301F-11D3-BF4B-00C04F79EFBC}") = "Meta.Voice.Samples.TTSVoices", "Meta.Voice.Samples.TTSVoices.csproj", "{6D0A039C-99CE-0F17-9527-E63773C7B47F}"
EndProject
Project("{FAE04EC0-301F-11D3-BF4B-00C04F79EFBC}") = "VoiceSDK.Runtime", "VoiceSDK.Runtime.csproj", "{1DBD03C6-F30D-665B-CD03-6DEC48F1A073}"
EndProject
Project("{FAE04EC0-301F-11D3-BF4B-00C04F79EFBC}") = "Oculus.VR.Scripts.Editor", "Oculus.VR.Scripts.Editor.csproj", "{73AA3E21-55E6-FBAE-5133-24B577482CF1}"
EndProject
Project("{FAE04EC0-301F-11D3-BF4B-00C04F79EFBC}") = "Meta.Voice.Samples.LightTraits", "Meta.Voice.Samples.LightTraits.csproj", "{9D0FA120-E5EB-4908-EAA6-62E911E1AE74}"
EndProject
Project("{FAE04EC0-301F-11D3-BF4B-00C04F79EFBC}") = "Meta.Voice.Hub.Editor", "Meta.Voice.Hub.Editor.csproj", "{B74DD572-C3F3-E5FC-9331-A9E8822F4385}"
EndProject
Project("{FAE04EC0-301F-11D3-BF4B-00C04F79EFBC}") = "Oculus.Interaction.Samples.Editor", "Oculus.Interaction.Samples.Editor.csproj", "{28E27184-AE14-B23A-0A4B-85CEF599115A}"
EndProject
Project("{FAE04EC0-301F-11D3-BF4B-00C04F79EFBC}") = "Meta.WitAi.TTS.Editor", "Meta.WitAi.TTS.Editor.csproj", "{67500D9A-2E46-65F7-7DBE-D3CAB580D8B1}"
EndProject
Project("{FAE04EC0-301F-11D3-BF4B-00C04F79EFBC}") = "Meta.XR.BuildingBlocks", "Meta.XR.BuildingBlocks.csproj", "{A198A38D-EE8D-55D1-8B61-2B7E64B15382}"
EndProject
Project("{FAE04EC0-301F-11D3-BF4B-00C04F79EFBC}") = "Oculus.Platform.Editor", "Oculus.Platform.Editor.csproj", "{AD431658-091E-8E88-F55F-C8D06D15C1EE}"
EndProject
Project("{FAE04EC0-301F-11D3-BF4B-00C04F79EFBC}") = "Facebook.Wit.Dictation", "Facebook.Wit.Dictation.csproj", "{D5979831-A8B6-4544-6AF4-5ECD53B6B50C}"
EndProject
Project("{FAE04EC0-301F-11D3-BF4B-00C04F79EFBC}") = "Oculus.Spatializer.Editor", "Oculus.Spatializer.Editor.csproj", "{F4D36AC0-C7A9-E2A4-1067-83EB1BF2F8C9}"
EndProject
Project("{FAE04EC0-301F-11D3-BF4B-00C04F79EFBC}") = "Oculus.LipSync.Editor", "Oculus.LipSync.Editor.csproj", "{0C641870-15DD-5F3E-65D7-F25C59EA0ED9}"
EndProject
Project("{FAE04EC0-301F-11D3-BF4B-00C04F79EFBC}") = "Oculus.AudioManager.Utils.Editor", "Oculus.AudioManager.Utils.Editor.csproj", "{ECD07B48-B4DA-E12E-2C37-651D85507C5A}"
EndProject
Project("{FAE04EC0-301F-11D3-BF4B-00C04F79EFBC}") = "Meta.VoiceSDK.Mic.Common", "Meta.VoiceSDK.Mic.Common.csproj", "{0F33DECC-BEAF-000C-A9AA-36615BC43FDB}"
EndProject
Project("{FAE04EC0-301F-11D3-BF4B-00C04F79EFBC}") = "SteamVR_Actions", "SteamVR_Actions.csproj", "{50E3EFC3-B927-E1E7-EADF-0EB3EDD6D76F}"
EndProject
Project("{FAE04EC0-301F-11D3-BF4B-00C04F79EFBC}") = "Meta.Voice.Samples.ShapesConduit", "Meta.Voice.Samples.ShapesConduit.csproj", "{60F8AB87-F9CD-E4AA-4103-AB08374BC5ED}"
EndProject
Project("{FAE04EC0-301F-11D3-BF4B-00C04F79EFBC}") = "Oculus.Spatializer", "Oculus.Spatializer.csproj", "{211741DD-8766-0DA8-97C3-FF5381051E1C}"
EndProject
Project("{FAE04EC0-301F-11D3-BF4B-00C04F79EFBC}") = "Meta.VoiceSDK.Mic.Other", "Meta.VoiceSDK.Mic.Other.csproj", "{A834DE42-D9D1-12FE-3227-8911790D3F69}"
EndProject
Project("{FAE04EC0-301F-11D3-BF4B-00C04F79EFBC}") = "SteamVR_Editor", "SteamVR_Editor.csproj", "{63CC7486-4B23-845A-5798-500971947AD9}"
EndProject
Project("{FAE04EC0-301F-11D3-BF4B-00C04F79EFBC}") = "Oculus.Interaction.InterfaceSupport", "Oculus.Interaction.InterfaceSupport.csproj", "{D1BADC31-60BF-AB8D-FBD5-69FDEE1567C8}"
EndProject
Project("{FAE04EC0-301F-11D3-BF4B-00C04F79EFBC}") = "Oculus.AudioManager.Audio.Editor", "Oculus.AudioManager.Audio.Editor.csproj", "{82ABE0CB-92EA-83C3-2C39-E6D1207768F2}"
EndProject
Project("{FAE04EC0-301F-11D3-BF4B-00C04F79EFBC}") = "SteamVR_Windows_EditorHelper", "SteamVR_Windows_EditorHelper.csproj", "{8BD3A928-D054-46EE-6E25-5B09865D7A26}"
EndProject
Project("{FAE04EC0-301F-11D3-BF4B-00C04F79EFBC}") = "Meta.Voice.Samples.LiveUnderstanding", "Meta.Voice.Samples.LiveUnderstanding.csproj", "{DA6801E6-E192-9A4E-8E3B-5C9549F067F8}"
EndProject
Project("{FAE04EC0-301F-11D3-BF4B-00C04F79EFBC}") = "VoiceSDK.Dictation.Editor", "VoiceSDK.Dictation.Editor.csproj", "{BCC555E6-DE3F-5862-F20F-7A51018DA721}"
EndProject
Project("{FAE04EC0-301F-11D3-BF4B-00C04F79EFBC}") = "AssistantCoreSDKEditor", "AssistantCoreSDKEditor.csproj", "{37C89335-47A7-3E18-505D-304B847C0196}"
EndProject
Project("{FAE04EC0-301F-11D3-BF4B-00C04F79EFBC}") = "Meta.VoiceSDK.Mic.WebGL", "Meta.VoiceSDK.Mic.WebGL.csproj", "{E3484769-7D05-42FD-1E8E-F64F78B8C4D1}"
EndProject
Project("{FAE04EC0-301F-11D3-BF4B-00C04F79EFBC}") = "Meta.Voice.Hub.Runtime", "Meta.Voice.Hub.Runtime.csproj", "{10E6F882-4DF8-F821-65A6-6A0B11A8FE6E}"
EndProject
Project("{FAE04EC0-301F-11D3-BF4B-00C04F79EFBC}") = "Meta.Voice.Samples.Chess", "Meta.Voice.Samples.Chess.csproj", "{60BA621A-9155-0BF7-2BAB-AE2230B33BFA}"
EndProject
Project("{FAE04EC0-301F-11D3-BF4B-00C04F79EFBC}") = "Meta.Voice.Samples.Dictation", "Meta.Voice.Samples.Dictation.csproj", "{F0443EAC-1C88-8B50-019A-63B6E5D19DB8}"
EndProject
Project("{FAE04EC0-301F-11D3-BF4B-00C04F79EFBC}") = "Meta.Voice.Samples.Shapes", "Meta.Voice.Samples.Shapes.csproj", "{E29E2AF5-8386-E80C-EC23-D783551CE270}"
EndProject
Project("{FAE04EC0-301F-11D3-BF4B-00C04F79EFBC}") = "Facebook.Wit.Dictation.Editor", "Facebook.Wit.Dictation.Editor.csproj", "{A5DDF210-E8D5-9DFA-4134-3A55CDC4242D}"
EndProject
Global
	GlobalSection(SolutionConfigurationPlatforms) = preSolution
		Debug|Any CPU = Debug|Any CPU
		Release|Any CPU = Release|Any CPU
	EndGlobalSection
	GlobalSection(ProjectConfigurationPlatforms) = postSolution
		{E33FC246-11A8-81A0-6CB2-9FFE2A95CA1A}.Debug|Any CPU.ActiveCfg = Debug|Any CPU
		{E33FC246-11A8-81A0-6CB2-9FFE2A95CA1A}.Debug|Any CPU.Build.0 = Debug|Any CPU
		{E33FC246-11A8-81A0-6CB2-9FFE2A95CA1A}.Release|Any CPU.ActiveCfg = Release|Any CPU
		{E33FC246-11A8-81A0-6CB2-9FFE2A95CA1A}.Release|Any CPU.Build.0 = Release|Any CPU
		{24E36D64-B75B-DC55-2F8B-465C18BB46F4}.Debug|Any CPU.ActiveCfg = Debug|Any CPU
		{24E36D64-B75B-DC55-2F8B-465C18BB46F4}.Debug|Any CPU.Build.0 = Debug|Any CPU
		{24E36D64-B75B-DC55-2F8B-465C18BB46F4}.Release|Any CPU.ActiveCfg = Release|Any CPU
		{24E36D64-B75B-DC55-2F8B-465C18BB46F4}.Release|Any CPU.Build.0 = Release|Any CPU
		{3CCD66E3-E329-260F-E32C-58383468FBD8}.Debug|Any CPU.ActiveCfg = Debug|Any CPU
		{3CCD66E3-E329-260F-E32C-58383468FBD8}.Debug|Any CPU.Build.0 = Debug|Any CPU
		{3CCD66E3-E329-260F-E32C-58383468FBD8}.Release|Any CPU.ActiveCfg = Release|Any CPU
		{3CCD66E3-E329-260F-E32C-58383468FBD8}.Release|Any CPU.Build.0 = Release|Any CPU
		{77B45DDA-51DC-8046-BA5D-E009780EF3F7}.Debug|Any CPU.ActiveCfg = Debug|Any CPU
		{77B45DDA-51DC-8046-BA5D-E009780EF3F7}.Debug|Any CPU.Build.0 = Debug|Any CPU
		{77B45DDA-51DC-8046-BA5D-E009780EF3F7}.Release|Any CPU.ActiveCfg = Release|Any CPU
		{77B45DDA-51DC-8046-BA5D-E009780EF3F7}.Release|Any CPU.Build.0 = Release|Any CPU
		{F9D3311D-4161-259B-190F-38D4C234A395}.Debug|Any CPU.ActiveCfg = Debug|Any CPU
		{F9D3311D-4161-259B-190F-38D4C234A395}.Debug|Any CPU.Build.0 = Debug|Any CPU
		{F9D3311D-4161-259B-190F-38D4C234A395}.Release|Any CPU.ActiveCfg = Release|Any CPU
		{F9D3311D-4161-259B-190F-38D4C234A395}.Release|Any CPU.Build.0 = Release|Any CPU
		{DEB45876-FBC4-EAEF-54A8-1C2702E6A025}.Debug|Any CPU.ActiveCfg = Debug|Any CPU
		{DEB45876-FBC4-EAEF-54A8-1C2702E6A025}.Debug|Any CPU.Build.0 = Debug|Any CPU
		{DEB45876-FBC4-EAEF-54A8-1C2702E6A025}.Release|Any CPU.ActiveCfg = Release|Any CPU
		{DEB45876-FBC4-EAEF-54A8-1C2702E6A025}.Release|Any CPU.Build.0 = Release|Any CPU
		{3EC9816B-531C-40B8-823F-31961B832726}.Debug|Any CPU.ActiveCfg = Debug|Any CPU
		{3EC9816B-531C-40B8-823F-31961B832726}.Debug|Any CPU.Build.0 = Debug|Any CPU
		{3EC9816B-531C-40B8-823F-31961B832726}.Release|Any CPU.ActiveCfg = Release|Any CPU
		{3EC9816B-531C-40B8-823F-31961B832726}.Release|Any CPU.Build.0 = Release|Any CPU
		{99366B3C-E077-59FD-C439-29E571D8C710}.Debug|Any CPU.ActiveCfg = Debug|Any CPU
		{99366B3C-E077-59FD-C439-29E571D8C710}.Debug|Any CPU.Build.0 = Debug|Any CPU
		{99366B3C-E077-59FD-C439-29E571D8C710}.Release|Any CPU.ActiveCfg = Release|Any CPU
		{99366B3C-E077-59FD-C439-29E571D8C710}.Release|Any CPU.Build.0 = Release|Any CPU
		{17510829-5312-F44F-CE9F-2B7989CEFBFB}.Debug|Any CPU.ActiveCfg = Debug|Any CPU
		{17510829-5312-F44F-CE9F-2B7989CEFBFB}.Debug|Any CPU.Build.0 = Debug|Any CPU
		{17510829-5312-F44F-CE9F-2B7989CEFBFB}.Release|Any CPU.ActiveCfg = Release|Any CPU
		{17510829-5312-F44F-CE9F-2B7989CEFBFB}.Release|Any CPU.Build.0 = Release|Any CPU
		{D568ADB3-D392-7908-0E41-CBB0D756D2B8}.Debug|Any CPU.ActiveCfg = Debug|Any CPU
		{D568ADB3-D392-7908-0E41-CBB0D756D2B8}.Debug|Any CPU.Build.0 = Debug|Any CPU
		{D568ADB3-D392-7908-0E41-CBB0D756D2B8}.Release|Any CPU.ActiveCfg = Release|Any CPU
		{D568ADB3-D392-7908-0E41-CBB0D756D2B8}.Release|Any CPU.Build.0 = Release|Any CPU
		{B6BB0261-CFC6-2B66-41A5-629105EDD781}.Debug|Any CPU.ActiveCfg = Debug|Any CPU
		{B6BB0261-CFC6-2B66-41A5-629105EDD781}.Debug|Any CPU.Build.0 = Debug|Any CPU
		{B6BB0261-CFC6-2B66-41A5-629105EDD781}.Release|Any CPU.ActiveCfg = Release|Any CPU
		{B6BB0261-CFC6-2B66-41A5-629105EDD781}.Release|Any CPU.Build.0 = Release|Any CPU
		{C4F2A867-8121-50B0-5612-3E28F4A2C198}.Debug|Any CPU.ActiveCfg = Debug|Any CPU
		{C4F2A867-8121-50B0-5612-3E28F4A2C198}.Debug|Any CPU.Build.0 = Debug|Any CPU
		{C4F2A867-8121-50B0-5612-3E28F4A2C198}.Release|Any CPU.ActiveCfg = Release|Any CPU
		{C4F2A867-8121-50B0-5612-3E28F4A2C198}.Release|Any CPU.Build.0 = Release|Any CPU
		{A60B98AD-17FD-DAD9-F54A-3FF4DF5485F7}.Debug|Any CPU.ActiveCfg = Debug|Any CPU
		{A60B98AD-17FD-DAD9-F54A-3FF4DF5485F7}.Debug|Any CPU.Build.0 = Debug|Any CPU
		{A60B98AD-17FD-DAD9-F54A-3FF4DF5485F7}.Release|Any CPU.ActiveCfg = Release|Any CPU
		{A60B98AD-17FD-DAD9-F54A-3FF4DF5485F7}.Release|Any CPU.Build.0 = Release|Any CPU
		{D31EA79C-3099-985D-8484-0A590E0A8424}.Debug|Any CPU.ActiveCfg = Debug|Any CPU
		{D31EA79C-3099-985D-8484-0A590E0A8424}.Debug|Any CPU.Build.0 = Debug|Any CPU
		{D31EA79C-3099-985D-8484-0A590E0A8424}.Release|Any CPU.ActiveCfg = Release|Any CPU
		{D31EA79C-3099-985D-8484-0A590E0A8424}.Release|Any CPU.Build.0 = Release|Any CPU
		{FFC7AFAF-A9D7-E4B3-200C-EEAA027BD6BF}.Debug|Any CPU.ActiveCfg = Debug|Any CPU
		{FFC7AFAF-A9D7-E4B3-200C-EEAA027BD6BF}.Debug|Any CPU.Build.0 = Debug|Any CPU
		{FFC7AFAF-A9D7-E4B3-200C-EEAA027BD6BF}.Release|Any CPU.ActiveCfg = Release|Any CPU
		{FFC7AFAF-A9D7-E4B3-200C-EEAA027BD6BF}.Release|Any CPU.Build.0 = Release|Any CPU
		{7474A6F7-DAB7-7148-879F-CDAE4993FD36}.Debug|Any CPU.ActiveCfg = Debug|Any CPU
		{7474A6F7-DAB7-7148-879F-CDAE4993FD36}.Debug|Any CPU.Build.0 = Debug|Any CPU
		{7474A6F7-DAB7-7148-879F-CDAE4993FD36}.Release|Any CPU.ActiveCfg = Release|Any CPU
		{7474A6F7-DAB7-7148-879F-CDAE4993FD36}.Release|Any CPU.Build.0 = Release|Any CPU
		{443B912F-383E-4F8C-4D3F-C7DC33F97358}.Debug|Any CPU.ActiveCfg = Debug|Any CPU
		{443B912F-383E-4F8C-4D3F-C7DC33F97358}.Debug|Any CPU.Build.0 = Debug|Any CPU
		{443B912F-383E-4F8C-4D3F-C7DC33F97358}.Release|Any CPU.ActiveCfg = Release|Any CPU
		{443B912F-383E-4F8C-4D3F-C7DC33F97358}.Release|Any CPU.Build.0 = Release|Any CPU
		{D81D44E5-AD51-E63C-9163-25BE4C28D2EC}.Debug|Any CPU.ActiveCfg = Debug|Any CPU
		{D81D44E5-AD51-E63C-9163-25BE4C28D2EC}.Debug|Any CPU.Build.0 = Debug|Any CPU
		{D81D44E5-AD51-E63C-9163-25BE4C28D2EC}.Release|Any CPU.ActiveCfg = Release|Any CPU
		{D81D44E5-AD51-E63C-9163-25BE4C28D2EC}.Release|Any CPU.Build.0 = Release|Any CPU
		{98A58482-465A-B51D-68ED-77F251CF8359}.Debug|Any CPU.ActiveCfg = Debug|Any CPU
		{98A58482-465A-B51D-68ED-77F251CF8359}.Debug|Any CPU.Build.0 = Debug|Any CPU
		{98A58482-465A-B51D-68ED-77F251CF8359}.Release|Any CPU.ActiveCfg = Release|Any CPU
		{98A58482-465A-B51D-68ED-77F251CF8359}.Release|Any CPU.Build.0 = Release|Any CPU
		{AE1B5D5D-F294-E5C0-2510-06C9F47F3750}.Debug|Any CPU.ActiveCfg = Debug|Any CPU
		{AE1B5D5D-F294-E5C0-2510-06C9F47F3750}.Debug|Any CPU.Build.0 = Debug|Any CPU
		{AE1B5D5D-F294-E5C0-2510-06C9F47F3750}.Release|Any CPU.ActiveCfg = Release|Any CPU
		{AE1B5D5D-F294-E5C0-2510-06C9F47F3750}.Release|Any CPU.Build.0 = Release|Any CPU
		{F21721C4-567F-A28E-91E9-AA46F3E36893}.Debug|Any CPU.ActiveCfg = Debug|Any CPU
		{F21721C4-567F-A28E-91E9-AA46F3E36893}.Debug|Any CPU.Build.0 = Debug|Any CPU
		{F21721C4-567F-A28E-91E9-AA46F3E36893}.Release|Any CPU.ActiveCfg = Release|Any CPU
		{F21721C4-567F-A28E-91E9-AA46F3E36893}.Release|Any CPU.Build.0 = Release|Any CPU
		{0287F5C4-3DBD-F9A0-CA67-07B6CBDC7383}.Debug|Any CPU.ActiveCfg = Debug|Any CPU
		{0287F5C4-3DBD-F9A0-CA67-07B6CBDC7383}.Debug|Any CPU.Build.0 = Debug|Any CPU
		{0287F5C4-3DBD-F9A0-CA67-07B6CBDC7383}.Release|Any CPU.ActiveCfg = Release|Any CPU
		{0287F5C4-3DBD-F9A0-CA67-07B6CBDC7383}.Release|Any CPU.Build.0 = Release|Any CPU
		{9E658C9D-0D50-74AD-0DB6-0B35DBE4E3A7}.Debug|Any CPU.ActiveCfg = Debug|Any CPU
		{9E658C9D-0D50-74AD-0DB6-0B35DBE4E3A7}.Debug|Any CPU.Build.0 = Debug|Any CPU
		{9E658C9D-0D50-74AD-0DB6-0B35DBE4E3A7}.Release|Any CPU.ActiveCfg = Release|Any CPU
		{9E658C9D-0D50-74AD-0DB6-0B35DBE4E3A7}.Release|Any CPU.Build.0 = Release|Any CPU
		{F5C330BE-1B54-23F3-9D50-F50AA02BD773}.Debug|Any CPU.ActiveCfg = Debug|Any CPU
		{F5C330BE-1B54-23F3-9D50-F50AA02BD773}.Debug|Any CPU.Build.0 = Debug|Any CPU
		{F5C330BE-1B54-23F3-9D50-F50AA02BD773}.Release|Any CPU.ActiveCfg = Release|Any CPU
		{F5C330BE-1B54-23F3-9D50-F50AA02BD773}.Release|Any CPU.Build.0 = Release|Any CPU
		{F7CF5CB5-6AC0-65E5-CAC9-DE7E3DE70C7F}.Debug|Any CPU.ActiveCfg = Debug|Any CPU
		{F7CF5CB5-6AC0-65E5-CAC9-DE7E3DE70C7F}.Debug|Any CPU.Build.0 = Debug|Any CPU
		{F7CF5CB5-6AC0-65E5-CAC9-DE7E3DE70C7F}.Release|Any CPU.ActiveCfg = Release|Any CPU
		{F7CF5CB5-6AC0-65E5-CAC9-DE7E3DE70C7F}.Release|Any CPU.Build.0 = Release|Any CPU
		{1F5A2906-2F2C-5DC8-AF99-7A1ADA97E144}.Debug|Any CPU.ActiveCfg = Debug|Any CPU
		{1F5A2906-2F2C-5DC8-AF99-7A1ADA97E144}.Debug|Any CPU.Build.0 = Debug|Any CPU
		{1F5A2906-2F2C-5DC8-AF99-7A1ADA97E144}.Release|Any CPU.ActiveCfg = Release|Any CPU
		{1F5A2906-2F2C-5DC8-AF99-7A1ADA97E144}.Release|Any CPU.Build.0 = Release|Any CPU
		{E73CDF07-9342-E212-7141-8290D67B30C9}.Debug|Any CPU.ActiveCfg = Debug|Any CPU
		{E73CDF07-9342-E212-7141-8290D67B30C9}.Debug|Any CPU.Build.0 = Debug|Any CPU
		{E73CDF07-9342-E212-7141-8290D67B30C9}.Release|Any CPU.ActiveCfg = Release|Any CPU
		{E73CDF07-9342-E212-7141-8290D67B30C9}.Release|Any CPU.Build.0 = Release|Any CPU
		{0B28E5CE-BA77-28D6-FF89-0FE9C9A81866}.Debug|Any CPU.ActiveCfg = Debug|Any CPU
		{0B28E5CE-BA77-28D6-FF89-0FE9C9A81866}.Debug|Any CPU.Build.0 = Debug|Any CPU
		{0B28E5CE-BA77-28D6-FF89-0FE9C9A81866}.Release|Any CPU.ActiveCfg = Release|Any CPU
		{0B28E5CE-BA77-28D6-FF89-0FE9C9A81866}.Release|Any CPU.Build.0 = Release|Any CPU
		{6D0A039C-99CE-0F17-9527-E63773C7B47F}.Debug|Any CPU.ActiveCfg = Debug|Any CPU
		{6D0A039C-99CE-0F17-9527-E63773C7B47F}.Debug|Any CPU.Build.0 = Debug|Any CPU
		{6D0A039C-99CE-0F17-9527-E63773C7B47F}.Release|Any CPU.ActiveCfg = Release|Any CPU
		{6D0A039C-99CE-0F17-9527-E63773C7B47F}.Release|Any CPU.Build.0 = Release|Any CPU
		{1DBD03C6-F30D-665B-CD03-6DEC48F1A073}.Debug|Any CPU.ActiveCfg = Debug|Any CPU
		{1DBD03C6-F30D-665B-CD03-6DEC48F1A073}.Debug|Any CPU.Build.0 = Debug|Any CPU
		{1DBD03C6-F30D-665B-CD03-6DEC48F1A073}.Release|Any CPU.ActiveCfg = Release|Any CPU
		{1DBD03C6-F30D-665B-CD03-6DEC48F1A073}.Release|Any CPU.Build.0 = Release|Any CPU
		{73AA3E21-55E6-FBAE-5133-24B577482CF1}.Debug|Any CPU.ActiveCfg = Debug|Any CPU
		{73AA3E21-55E6-FBAE-5133-24B577482CF1}.Debug|Any CPU.Build.0 = Debug|Any CPU
		{73AA3E21-55E6-FBAE-5133-24B577482CF1}.Release|Any CPU.ActiveCfg = Release|Any CPU
		{73AA3E21-55E6-FBAE-5133-24B577482CF1}.Release|Any CPU.Build.0 = Release|Any CPU
		{9D0FA120-E5EB-4908-EAA6-62E911E1AE74}.Debug|Any CPU.ActiveCfg = Debug|Any CPU
		{9D0FA120-E5EB-4908-EAA6-62E911E1AE74}.Debug|Any CPU.Build.0 = Debug|Any CPU
		{9D0FA120-E5EB-4908-EAA6-62E911E1AE74}.Release|Any CPU.ActiveCfg = Release|Any CPU
		{9D0FA120-E5EB-4908-EAA6-62E911E1AE74}.Release|Any CPU.Build.0 = Release|Any CPU
		{B74DD572-C3F3-E5FC-9331-A9E8822F4385}.Debug|Any CPU.ActiveCfg = Debug|Any CPU
		{B74DD572-C3F3-E5FC-9331-A9E8822F4385}.Debug|Any CPU.Build.0 = Debug|Any CPU
		{B74DD572-C3F3-E5FC-9331-A9E8822F4385}.Release|Any CPU.ActiveCfg = Release|Any CPU
		{B74DD572-C3F3-E5FC-9331-A9E8822F4385}.Release|Any CPU.Build.0 = Release|Any CPU
		{28E27184-AE14-B23A-0A4B-85CEF599115A}.Debug|Any CPU.ActiveCfg = Debug|Any CPU
		{28E27184-AE14-B23A-0A4B-85CEF599115A}.Debug|Any CPU.Build.0 = Debug|Any CPU
		{28E27184-AE14-B23A-0A4B-85CEF599115A}.Release|Any CPU.ActiveCfg = Release|Any CPU
		{28E27184-AE14-B23A-0A4B-85CEF599115A}.Release|Any CPU.Build.0 = Release|Any CPU
		{67500D9A-2E46-65F7-7DBE-D3CAB580D8B1}.Debug|Any CPU.ActiveCfg = Debug|Any CPU
		{67500D9A-2E46-65F7-7DBE-D3CAB580D8B1}.Debug|Any CPU.Build.0 = Debug|Any CPU
		{67500D9A-2E46-65F7-7DBE-D3CAB580D8B1}.Release|Any CPU.ActiveCfg = Release|Any CPU
		{67500D9A-2E46-65F7-7DBE-D3CAB580D8B1}.Release|Any CPU.Build.0 = Release|Any CPU
		{A198A38D-EE8D-55D1-8B61-2B7E64B15382}.Debug|Any CPU.ActiveCfg = Debug|Any CPU
		{A198A38D-EE8D-55D1-8B61-2B7E64B15382}.Debug|Any CPU.Build.0 = Debug|Any CPU
		{A198A38D-EE8D-55D1-8B61-2B7E64B15382}.Release|Any CPU.ActiveCfg = Release|Any CPU
		{A198A38D-EE8D-55D1-8B61-2B7E64B15382}.Release|Any CPU.Build.0 = Release|Any CPU
		{AD431658-091E-8E88-F55F-C8D06D15C1EE}.Debug|Any CPU.ActiveCfg = Debug|Any CPU
		{AD431658-091E-8E88-F55F-C8D06D15C1EE}.Debug|Any CPU.Build.0 = Debug|Any CPU
		{AD431658-091E-8E88-F55F-C8D06D15C1EE}.Release|Any CPU.ActiveCfg = Release|Any CPU
		{AD431658-091E-8E88-F55F-C8D06D15C1EE}.Release|Any CPU.Build.0 = Release|Any CPU
		{D5979831-A8B6-4544-6AF4-5ECD53B6B50C}.Debug|Any CPU.ActiveCfg = Debug|Any CPU
		{D5979831-A8B6-4544-6AF4-5ECD53B6B50C}.Debug|Any CPU.Build.0 = Debug|Any CPU
		{D5979831-A8B6-4544-6AF4-5ECD53B6B50C}.Release|Any CPU.ActiveCfg = Release|Any CPU
		{D5979831-A8B6-4544-6AF4-5ECD53B6B50C}.Release|Any CPU.Build.0 = Release|Any CPU
		{F4D36AC0-C7A9-E2A4-1067-83EB1BF2F8C9}.Debug|Any CPU.ActiveCfg = Debug|Any CPU
		{F4D36AC0-C7A9-E2A4-1067-83EB1BF2F8C9}.Debug|Any CPU.Build.0 = Debug|Any CPU
		{F4D36AC0-C7A9-E2A4-1067-83EB1BF2F8C9}.Release|Any CPU.ActiveCfg = Release|Any CPU
		{F4D36AC0-C7A9-E2A4-1067-83EB1BF2F8C9}.Release|Any CPU.Build.0 = Release|Any CPU
		{0C641870-15DD-5F3E-65D7-F25C59EA0ED9}.Debug|Any CPU.ActiveCfg = Debug|Any CPU
		{0C641870-15DD-5F3E-65D7-F25C59EA0ED9}.Debug|Any CPU.Build.0 = Debug|Any CPU
		{0C641870-15DD-5F3E-65D7-F25C59EA0ED9}.Release|Any CPU.ActiveCfg = Release|Any CPU
		{0C641870-15DD-5F3E-65D7-F25C59EA0ED9}.Release|Any CPU.Build.0 = Release|Any CPU
		{ECD07B48-B4DA-E12E-2C37-651D85507C5A}.Debug|Any CPU.ActiveCfg = Debug|Any CPU
		{ECD07B48-B4DA-E12E-2C37-651D85507C5A}.Debug|Any CPU.Build.0 = Debug|Any CPU
		{ECD07B48-B4DA-E12E-2C37-651D85507C5A}.Release|Any CPU.ActiveCfg = Release|Any CPU
		{ECD07B48-B4DA-E12E-2C37-651D85507C5A}.Release|Any CPU.Build.0 = Release|Any CPU
		{0F33DECC-BEAF-000C-A9AA-36615BC43FDB}.Debug|Any CPU.ActiveCfg = Debug|Any CPU
		{0F33DECC-BEAF-000C-A9AA-36615BC43FDB}.Debug|Any CPU.Build.0 = Debug|Any CPU
		{0F33DECC-BEAF-000C-A9AA-36615BC43FDB}.Release|Any CPU.ActiveCfg = Release|Any CPU
		{0F33DECC-BEAF-000C-A9AA-36615BC43FDB}.Release|Any CPU.Build.0 = Release|Any CPU
		{50E3EFC3-B927-E1E7-EADF-0EB3EDD6D76F}.Debug|Any CPU.ActiveCfg = Debug|Any CPU
		{50E3EFC3-B927-E1E7-EADF-0EB3EDD6D76F}.Debug|Any CPU.Build.0 = Debug|Any CPU
		{50E3EFC3-B927-E1E7-EADF-0EB3EDD6D76F}.Release|Any CPU.ActiveCfg = Release|Any CPU
		{50E3EFC3-B927-E1E7-EADF-0EB3EDD6D76F}.Release|Any CPU.Build.0 = Release|Any CPU
		{60F8AB87-F9CD-E4AA-4103-AB08374BC5ED}.Debug|Any CPU.ActiveCfg = Debug|Any CPU
		{60F8AB87-F9CD-E4AA-4103-AB08374BC5ED}.Debug|Any CPU.Build.0 = Debug|Any CPU
		{60F8AB87-F9CD-E4AA-4103-AB08374BC5ED}.Release|Any CPU.ActiveCfg = Release|Any CPU
		{60F8AB87-F9CD-E4AA-4103-AB08374BC5ED}.Release|Any CPU.Build.0 = Release|Any CPU
		{211741DD-8766-0DA8-97C3-FF5381051E1C}.Debug|Any CPU.ActiveCfg = Debug|Any CPU
		{211741DD-8766-0DA8-97C3-FF5381051E1C}.Debug|Any CPU.Build.0 = Debug|Any CPU
		{211741DD-8766-0DA8-97C3-FF5381051E1C}.Release|Any CPU.ActiveCfg = Release|Any CPU
		{211741DD-8766-0DA8-97C3-FF5381051E1C}.Release|Any CPU.Build.0 = Release|Any CPU
		{A834DE42-D9D1-12FE-3227-8911790D3F69}.Debug|Any CPU.ActiveCfg = Debug|Any CPU
		{A834DE42-D9D1-12FE-3227-8911790D3F69}.Debug|Any CPU.Build.0 = Debug|Any CPU
		{A834DE42-D9D1-12FE-3227-8911790D3F69}.Release|Any CPU.ActiveCfg = Release|Any CPU
		{A834DE42-D9D1-12FE-3227-8911790D3F69}.Release|Any CPU.Build.0 = Release|Any CPU
		{63CC7486-4B23-845A-5798-500971947AD9}.Debug|Any CPU.ActiveCfg = Debug|Any CPU
		{63CC7486-4B23-845A-5798-500971947AD9}.Debug|Any CPU.Build.0 = Debug|Any CPU
		{63CC7486-4B23-845A-5798-500971947AD9}.Release|Any CPU.ActiveCfg = Release|Any CPU
		{63CC7486-4B23-845A-5798-500971947AD9}.Release|Any CPU.Build.0 = Release|Any CPU
		{D1BADC31-60BF-AB8D-FBD5-69FDEE1567C8}.Debug|Any CPU.ActiveCfg = Debug|Any CPU
		{D1BADC31-60BF-AB8D-FBD5-69FDEE1567C8}.Debug|Any CPU.Build.0 = Debug|Any CPU
		{D1BADC31-60BF-AB8D-FBD5-69FDEE1567C8}.Release|Any CPU.ActiveCfg = Release|Any CPU
		{D1BADC31-60BF-AB8D-FBD5-69FDEE1567C8}.Release|Any CPU.Build.0 = Release|Any CPU
		{82ABE0CB-92EA-83C3-2C39-E6D1207768F2}.Debug|Any CPU.ActiveCfg = Debug|Any CPU
		{82ABE0CB-92EA-83C3-2C39-E6D1207768F2}.Debug|Any CPU.Build.0 = Debug|Any CPU
		{82ABE0CB-92EA-83C3-2C39-E6D1207768F2}.Release|Any CPU.ActiveCfg = Release|Any CPU
		{82ABE0CB-92EA-83C3-2C39-E6D1207768F2}.Release|Any CPU.Build.0 = Release|Any CPU
		{8BD3A928-D054-46EE-6E25-5B09865D7A26}.Debug|Any CPU.ActiveCfg = Debug|Any CPU
		{8BD3A928-D054-46EE-6E25-5B09865D7A26}.Debug|Any CPU.Build.0 = Debug|Any CPU
		{8BD3A928-D054-46EE-6E25-5B09865D7A26}.Release|Any CPU.ActiveCfg = Release|Any CPU
		{8BD3A928-D054-46EE-6E25-5B09865D7A26}.Release|Any CPU.Build.0 = Release|Any CPU
		{DA6801E6-E192-9A4E-8E3B-5C9549F067F8}.Debug|Any CPU.ActiveCfg = Debug|Any CPU
		{DA6801E6-E192-9A4E-8E3B-5C9549F067F8}.Debug|Any CPU.Build.0 = Debug|Any CPU
		{DA6801E6-E192-9A4E-8E3B-5C9549F067F8}.Release|Any CPU.ActiveCfg = Release|Any CPU
		{DA6801E6-E192-9A4E-8E3B-5C9549F067F8}.Release|Any CPU.Build.0 = Release|Any CPU
		{BCC555E6-DE3F-5862-F20F-7A51018DA721}.Debug|Any CPU.ActiveCfg = Debug|Any CPU
		{BCC555E6-DE3F-5862-F20F-7A51018DA721}.Debug|Any CPU.Build.0 = Debug|Any CPU
		{BCC555E6-DE3F-5862-F20F-7A51018DA721}.Release|Any CPU.ActiveCfg = Release|Any CPU
		{BCC555E6-DE3F-5862-F20F-7A51018DA721}.Release|Any CPU.Build.0 = Release|Any CPU
		{37C89335-47A7-3E18-505D-304B847C0196}.Debug|Any CPU.ActiveCfg = Debug|Any CPU
		{37C89335-47A7-3E18-505D-304B847C0196}.Debug|Any CPU.Build.0 = Debug|Any CPU
		{37C89335-47A7-3E18-505D-304B847C0196}.Release|Any CPU.ActiveCfg = Release|Any CPU
		{37C89335-47A7-3E18-505D-304B847C0196}.Release|Any CPU.Build.0 = Release|Any CPU
		{E3484769-7D05-42FD-1E8E-F64F78B8C4D1}.Debug|Any CPU.ActiveCfg = Debug|Any CPU
		{E3484769-7D05-42FD-1E8E-F64F78B8C4D1}.Debug|Any CPU.Build.0 = Debug|Any CPU
		{E3484769-7D05-42FD-1E8E-F64F78B8C4D1}.Release|Any CPU.ActiveCfg = Release|Any CPU
		{E3484769-7D05-42FD-1E8E-F64F78B8C4D1}.Release|Any CPU.Build.0 = Release|Any CPU
		{10E6F882-4DF8-F821-65A6-6A0B11A8FE6E}.Debug|Any CPU.ActiveCfg = Debug|Any CPU
		{10E6F882-4DF8-F821-65A6-6A0B11A8FE6E}.Debug|Any CPU.Build.0 = Debug|Any CPU
		{10E6F882-4DF8-F821-65A6-6A0B11A8FE6E}.Release|Any CPU.ActiveCfg = Release|Any CPU
		{10E6F882-4DF8-F821-65A6-6A0B11A8FE6E}.Release|Any CPU.Build.0 = Release|Any CPU
		{60BA621A-9155-0BF7-2BAB-AE2230B33BFA}.Debug|Any CPU.ActiveCfg = Debug|Any CPU
		{60BA621A-9155-0BF7-2BAB-AE2230B33BFA}.Debug|Any CPU.Build.0 = Debug|Any CPU
		{60BA621A-9155-0BF7-2BAB-AE2230B33BFA}.Release|Any CPU.ActiveCfg = Release|Any CPU
		{60BA621A-9155-0BF7-2BAB-AE2230B33BFA}.Release|Any CPU.Build.0 = Release|Any CPU
		{F0443EAC-1C88-8B50-019A-63B6E5D19DB8}.Debug|Any CPU.ActiveCfg = Debug|Any CPU
		{F0443EAC-1C88-8B50-019A-63B6E5D19DB8}.Debug|Any CPU.Build.0 = Debug|Any CPU
		{F0443EAC-1C88-8B50-019A-63B6E5D19DB8}.Release|Any CPU.ActiveCfg = Release|Any CPU
		{F0443EAC-1C88-8B50-019A-63B6E5D19DB8}.Release|Any CPU.Build.0 = Release|Any CPU
		{E29E2AF5-8386-E80C-EC23-D783551CE270}.Debug|Any CPU.ActiveCfg = Debug|Any CPU
		{E29E2AF5-8386-E80C-EC23-D783551CE270}.Debug|Any CPU.Build.0 = Debug|Any CPU
		{E29E2AF5-8386-E80C-EC23-D783551CE270}.Release|Any CPU.ActiveCfg = Release|Any CPU
		{E29E2AF5-8386-E80C-EC23-D783551CE270}.Release|Any CPU.Build.0 = Release|Any CPU
		{A5DDF210-E8D5-9DFA-4134-3A55CDC4242D}.Debug|Any CPU.ActiveCfg = Debug|Any CPU
		{A5DDF210-E8D5-9DFA-4134-3A55CDC4242D}.Debug|Any CPU.Build.0 = Debug|Any CPU
		{A5DDF210-E8D5-9DFA-4134-3A55CDC4242D}.Release|Any CPU.ActiveCfg = Release|Any CPU
		{A5DDF210-E8D5-9DFA-4134-3A55CDC4242D}.Release|Any CPU.Build.0 = Release|Any CPU
	EndGlobalSection
	GlobalSection(SolutionProperties) = preSolution
		HideSolutionNode = FALSE
	EndGlobalSection
EndGlobal
